// !$*UTF8*$!
{
	archiveVersion = 1;
	classes = {
	};
	objectVersion = 46;
	objects = {

/* Begin PBXBuildFile section */
		2909B0731F9FFA8900B4E0E4 /* Server.swift in Sources */ = {isa = PBXBuildFile; fileRef = 2909B0721F9FFA8900B4E0E4 /* Server.swift */; };
		2909B0761FA3B7B400B4E0E4 /* Args.swift in Sources */ = {isa = PBXBuildFile; fileRef = 2909B0751FA3B7B400B4E0E4 /* Args.swift */; };
		29917D981FA92F82006C7675 /* RequestHandler.swift in Sources */ = {isa = PBXBuildFile; fileRef = 29917D971FA92F82006C7675 /* RequestHandler.swift */; };
		29C373E51FB12F5F00756010 /* sample_document.swift in Sources */ = {isa = PBXBuildFile; fileRef = 29C373E41FB12F5F00756010 /* sample_document.swift */; };
		29D15BA11FA7DCFA005DAAA3 /* ValueSerializer.swift in Sources */ = {isa = PBXBuildFile; fileRef = 29D15BA01FA7DCFA005DAAA3 /* ValueSerializer.swift */; };
		29D15BA31FA7DE39005DAAA3 /* Memory.swift in Sources */ = {isa = PBXBuildFile; fileRef = 29D15BA21FA7DE39005DAAA3 /* Memory.swift */; };
		29F77F271F9FC18D0035178F /* AppDelegate.swift in Sources */ = {isa = PBXBuildFile; fileRef = 29F77F261F9FC18D0035178F /* AppDelegate.swift */; };
		29F77F291F9FC18D0035178F /* ViewController.swift in Sources */ = {isa = PBXBuildFile; fileRef = 29F77F281F9FC18D0035178F /* ViewController.swift */; };
		29F77F2C1F9FC18D0035178F /* Main.storyboard in Resources */ = {isa = PBXBuildFile; fileRef = 29F77F2A1F9FC18D0035178F /* Main.storyboard */; };
		29F77F2E1F9FC18D0035178F /* Assets.xcassets in Resources */ = {isa = PBXBuildFile; fileRef = 29F77F2D1F9FC18D0035178F /* Assets.xcassets */; };
		29F77F311F9FC18D0035178F /* LaunchScreen.storyboard in Resources */ = {isa = PBXBuildFile; fileRef = 29F77F2F1F9FC18D0035178F /* LaunchScreen.storyboard */; };
		29F77F3C1F9FC18D0035178F /* CBLTestServer_iOSTests.swift in Sources */ = {isa = PBXBuildFile; fileRef = 29F77F3B1F9FC18D0035178F /* CBLTestServer_iOSTests.swift */; };
		29F77F471F9FC18D0035178F /* CBLTestServer_iOSUITests.swift in Sources */ = {isa = PBXBuildFile; fileRef = 29F77F461F9FC18D0035178F /* CBLTestServer_iOSUITests.swift */; };
		29F786911F9FC4180035178F /* GCDWebServer.m in Sources */ = {isa = PBXBuildFile; fileRef = 29F786741F9FC4180035178F /* GCDWebServer.m */; };
		29F786921F9FC4180035178F /* GCDWebServerConnection.m in Sources */ = {isa = PBXBuildFile; fileRef = 29F786761F9FC4180035178F /* GCDWebServerConnection.m */; };
		29F786931F9FC4180035178F /* GCDWebServerFunctions.m in Sources */ = {isa = PBXBuildFile; fileRef = 29F786781F9FC4180035178F /* GCDWebServerFunctions.m */; };
		29F786941F9FC4180035178F /* GCDWebServerRequest.m in Sources */ = {isa = PBXBuildFile; fileRef = 29F7867C1F9FC4180035178F /* GCDWebServerRequest.m */; };
		29F786951F9FC4180035178F /* GCDWebServerResponse.m in Sources */ = {isa = PBXBuildFile; fileRef = 29F7867E1F9FC4180035178F /* GCDWebServerResponse.m */; };
		29F786961F9FC4180035178F /* GCDWebServerDataRequest.m in Sources */ = {isa = PBXBuildFile; fileRef = 29F786811F9FC4180035178F /* GCDWebServerDataRequest.m */; };
		29F786971F9FC4180035178F /* GCDWebServerFileRequest.m in Sources */ = {isa = PBXBuildFile; fileRef = 29F786831F9FC4180035178F /* GCDWebServerFileRequest.m */; };
		29F786981F9FC4180035178F /* GCDWebServerMultiPartFormRequest.m in Sources */ = {isa = PBXBuildFile; fileRef = 29F786851F9FC4180035178F /* GCDWebServerMultiPartFormRequest.m */; };
		29F786991F9FC4180035178F /* GCDWebServerURLEncodedFormRequest.m in Sources */ = {isa = PBXBuildFile; fileRef = 29F786871F9FC4180035178F /* GCDWebServerURLEncodedFormRequest.m */; };
		29F7869A1F9FC4180035178F /* GCDWebServerDataResponse.m in Sources */ = {isa = PBXBuildFile; fileRef = 29F7868A1F9FC4180035178F /* GCDWebServerDataResponse.m */; };
		29F7869B1F9FC4180035178F /* GCDWebServerErrorResponse.m in Sources */ = {isa = PBXBuildFile; fileRef = 29F7868C1F9FC4180035178F /* GCDWebServerErrorResponse.m */; };
		29F7869C1F9FC4180035178F /* GCDWebServerFileResponse.m in Sources */ = {isa = PBXBuildFile; fileRef = 29F7868E1F9FC4180035178F /* GCDWebServerFileResponse.m */; };
		29F7869D1F9FC4180035178F /* GCDWebServerStreamedResponse.m in Sources */ = {isa = PBXBuildFile; fileRef = 29F786901F9FC4180035178F /* GCDWebServerStreamedResponse.m */; };
		29F786A01F9FC4850035178F /* libz.tbd in Frameworks */ = {isa = PBXBuildFile; fileRef = 29F7869F1F9FC4850035178F /* libz.tbd */; };
		4140065A1FF2175A002405B6 /* CouchbaseLiteSwift.framework in Frameworks */ = {isa = PBXBuildFile; fileRef = 298980541FD600460005A0C3 /* CouchbaseLiteSwift.framework */; };
		4140065B1FF2175A002405B6 /* CouchbaseLiteSwift.framework in Embed Frameworks */ = {isa = PBXBuildFile; fileRef = 298980541FD600460005A0C3 /* CouchbaseLiteSwift.framework */; settings = {ATTRIBUTES = (CodeSignOnCopy, RemoveHeadersOnCopy, ); }; };
		FB7B1E731FDB60ED00A912BF /* Extensions.swift in Sources */ = {isa = PBXBuildFile; fileRef = FB7B1E721FDB60ED00A912BF /* Extensions.swift */; };
/* End PBXBuildFile section */

/* Begin PBXContainerItemProxy section */
		29F77F381F9FC18D0035178F /* PBXContainerItemProxy */ = {
			isa = PBXContainerItemProxy;
			containerPortal = 29F77F1B1F9FC18D0035178F /* Project object */;
			proxyType = 1;
			remoteGlobalIDString = 29F77F221F9FC18D0035178F;
			remoteInfo = "CBLTestServer-iOS";
		};
		29F77F431F9FC18D0035178F /* PBXContainerItemProxy */ = {
			isa = PBXContainerItemProxy;
			containerPortal = 29F77F1B1F9FC18D0035178F /* Project object */;
			proxyType = 1;
			remoteGlobalIDString = 29F77F221F9FC18D0035178F;
			remoteInfo = "CBLTestServer-iOS";
		};
/* End PBXContainerItemProxy section */

/* Begin PBXCopyFilesBuildPhase section */
		414006591FF21735002405B6 /* Embed Frameworks */ = {
			isa = PBXCopyFilesBuildPhase;
			buildActionMask = 2147483647;
			dstPath = "";
			dstSubfolderSpec = 10;
			files = (
				4140065B1FF2175A002405B6 /* CouchbaseLiteSwift.framework in Embed Frameworks */,
			);
			name = "Embed Frameworks";
			runOnlyForDeploymentPostprocessing = 0;
		};
/* End PBXCopyFilesBuildPhase section */

/* Begin PBXFileReference section */
		2909B0721F9FFA8900B4E0E4 /* Server.swift */ = {isa = PBXFileReference; lastKnownFileType = sourcecode.swift; path = Server.swift; sourceTree = "<group>"; };
		2909B0751FA3B7B400B4E0E4 /* Args.swift */ = {isa = PBXFileReference; lastKnownFileType = sourcecode.swift; path = Args.swift; sourceTree = "<group>"; };
		298980501FD600080005A0C3 /* CouchbaseLiteSwift.framework */ = {isa = PBXFileReference; lastKnownFileType = wrapper.framework; name = CouchbaseLiteSwift.framework; path = Carthage/Build/iOS/CouchbaseLiteSwift.framework; sourceTree = "<group>"; };
		298980541FD600460005A0C3 /* CouchbaseLiteSwift.framework */ = {isa = PBXFileReference; lastKnownFileType = wrapper.framework; name = CouchbaseLiteSwift.framework; path = Carthage/Build/iOS/CouchbaseLiteSwift.framework; sourceTree = "<group>"; };
		29917D971FA92F82006C7675 /* RequestHandler.swift */ = {isa = PBXFileReference; lastKnownFileType = sourcecode.swift; path = RequestHandler.swift; sourceTree = "<group>"; };
		29C373E41FB12F5F00756010 /* sample_document.swift */ = {isa = PBXFileReference; lastKnownFileType = sourcecode.swift; path = sample_document.swift; sourceTree = "<group>"; };
		29D15BA01FA7DCFA005DAAA3 /* ValueSerializer.swift */ = {isa = PBXFileReference; lastKnownFileType = sourcecode.swift; path = ValueSerializer.swift; sourceTree = "<group>"; };
		29D15BA21FA7DE39005DAAA3 /* Memory.swift */ = {isa = PBXFileReference; lastKnownFileType = sourcecode.swift; path = Memory.swift; sourceTree = "<group>"; };
		29F77F231F9FC18D0035178F /* CBLTestServer-iOS.app */ = {isa = PBXFileReference; explicitFileType = wrapper.application; includeInIndex = 0; path = "CBLTestServer-iOS.app"; sourceTree = BUILT_PRODUCTS_DIR; };
		29F77F261F9FC18D0035178F /* AppDelegate.swift */ = {isa = PBXFileReference; lastKnownFileType = sourcecode.swift; path = AppDelegate.swift; sourceTree = "<group>"; };
		29F77F281F9FC18D0035178F /* ViewController.swift */ = {isa = PBXFileReference; lastKnownFileType = sourcecode.swift; path = ViewController.swift; sourceTree = "<group>"; };
		29F77F2B1F9FC18D0035178F /* Base */ = {isa = PBXFileReference; lastKnownFileType = file.storyboard; name = Base; path = Base.lproj/Main.storyboard; sourceTree = "<group>"; };
		29F77F2D1F9FC18D0035178F /* Assets.xcassets */ = {isa = PBXFileReference; lastKnownFileType = folder.assetcatalog; path = Assets.xcassets; sourceTree = "<group>"; };
		29F77F301F9FC18D0035178F /* Base */ = {isa = PBXFileReference; lastKnownFileType = file.storyboard; name = Base; path = Base.lproj/LaunchScreen.storyboard; sourceTree = "<group>"; };
		29F77F321F9FC18D0035178F /* Info.plist */ = {isa = PBXFileReference; lastKnownFileType = text.plist.xml; path = Info.plist; sourceTree = "<group>"; };
		29F77F371F9FC18D0035178F /* CBLTestServer-iOSTests.xctest */ = {isa = PBXFileReference; explicitFileType = wrapper.cfbundle; includeInIndex = 0; path = "CBLTestServer-iOSTests.xctest"; sourceTree = BUILT_PRODUCTS_DIR; };
		29F77F3B1F9FC18D0035178F /* CBLTestServer_iOSTests.swift */ = {isa = PBXFileReference; lastKnownFileType = sourcecode.swift; path = CBLTestServer_iOSTests.swift; sourceTree = "<group>"; };
		29F77F3D1F9FC18D0035178F /* Info.plist */ = {isa = PBXFileReference; lastKnownFileType = text.plist.xml; path = Info.plist; sourceTree = "<group>"; };
		29F77F421F9FC18D0035178F /* CBLTestServer-iOSUITests.xctest */ = {isa = PBXFileReference; explicitFileType = wrapper.cfbundle; includeInIndex = 0; path = "CBLTestServer-iOSUITests.xctest"; sourceTree = BUILT_PRODUCTS_DIR; };
		29F77F461F9FC18D0035178F /* CBLTestServer_iOSUITests.swift */ = {isa = PBXFileReference; lastKnownFileType = sourcecode.swift; path = CBLTestServer_iOSUITests.swift; sourceTree = "<group>"; };
		29F77F481F9FC18D0035178F /* Info.plist */ = {isa = PBXFileReference; lastKnownFileType = text.plist.xml; path = Info.plist; sourceTree = "<group>"; };
		29F7866C1F9FC3F30035178F /* CBLTestServer-iOS-Bridging-Header.h */ = {isa = PBXFileReference; lastKnownFileType = sourcecode.c.h; path = "CBLTestServer-iOS-Bridging-Header.h"; sourceTree = "<group>"; };
		29F786731F9FC4180035178F /* GCDWebServer.h */ = {isa = PBXFileReference; fileEncoding = 4; lastKnownFileType = sourcecode.c.h; path = GCDWebServer.h; sourceTree = "<group>"; };
		29F786741F9FC4180035178F /* GCDWebServer.m */ = {isa = PBXFileReference; fileEncoding = 4; lastKnownFileType = sourcecode.c.objc; path = GCDWebServer.m; sourceTree = "<group>"; };
		29F786751F9FC4180035178F /* GCDWebServerConnection.h */ = {isa = PBXFileReference; fileEncoding = 4; lastKnownFileType = sourcecode.c.h; path = GCDWebServerConnection.h; sourceTree = "<group>"; };
		29F786761F9FC4180035178F /* GCDWebServerConnection.m */ = {isa = PBXFileReference; fileEncoding = 4; lastKnownFileType = sourcecode.c.objc; path = GCDWebServerConnection.m; sourceTree = "<group>"; };
		29F786771F9FC4180035178F /* GCDWebServerFunctions.h */ = {isa = PBXFileReference; fileEncoding = 4; lastKnownFileType = sourcecode.c.h; path = GCDWebServerFunctions.h; sourceTree = "<group>"; };
		29F786781F9FC4180035178F /* GCDWebServerFunctions.m */ = {isa = PBXFileReference; fileEncoding = 4; lastKnownFileType = sourcecode.c.objc; path = GCDWebServerFunctions.m; sourceTree = "<group>"; };
		29F786791F9FC4180035178F /* GCDWebServerHTTPStatusCodes.h */ = {isa = PBXFileReference; fileEncoding = 4; lastKnownFileType = sourcecode.c.h; path = GCDWebServerHTTPStatusCodes.h; sourceTree = "<group>"; };
		29F7867A1F9FC4180035178F /* GCDWebServerPrivate.h */ = {isa = PBXFileReference; fileEncoding = 4; lastKnownFileType = sourcecode.c.h; path = GCDWebServerPrivate.h; sourceTree = "<group>"; };
		29F7867B1F9FC4180035178F /* GCDWebServerRequest.h */ = {isa = PBXFileReference; fileEncoding = 4; lastKnownFileType = sourcecode.c.h; path = GCDWebServerRequest.h; sourceTree = "<group>"; };
		29F7867C1F9FC4180035178F /* GCDWebServerRequest.m */ = {isa = PBXFileReference; fileEncoding = 4; lastKnownFileType = sourcecode.c.objc; path = GCDWebServerRequest.m; sourceTree = "<group>"; };
		29F7867D1F9FC4180035178F /* GCDWebServerResponse.h */ = {isa = PBXFileReference; fileEncoding = 4; lastKnownFileType = sourcecode.c.h; path = GCDWebServerResponse.h; sourceTree = "<group>"; };
		29F7867E1F9FC4180035178F /* GCDWebServerResponse.m */ = {isa = PBXFileReference; fileEncoding = 4; lastKnownFileType = sourcecode.c.objc; path = GCDWebServerResponse.m; sourceTree = "<group>"; };
		29F786801F9FC4180035178F /* GCDWebServerDataRequest.h */ = {isa = PBXFileReference; fileEncoding = 4; lastKnownFileType = sourcecode.c.h; path = GCDWebServerDataRequest.h; sourceTree = "<group>"; };
		29F786811F9FC4180035178F /* GCDWebServerDataRequest.m */ = {isa = PBXFileReference; fileEncoding = 4; lastKnownFileType = sourcecode.c.objc; path = GCDWebServerDataRequest.m; sourceTree = "<group>"; };
		29F786821F9FC4180035178F /* GCDWebServerFileRequest.h */ = {isa = PBXFileReference; fileEncoding = 4; lastKnownFileType = sourcecode.c.h; path = GCDWebServerFileRequest.h; sourceTree = "<group>"; };
		29F786831F9FC4180035178F /* GCDWebServerFileRequest.m */ = {isa = PBXFileReference; fileEncoding = 4; lastKnownFileType = sourcecode.c.objc; path = GCDWebServerFileRequest.m; sourceTree = "<group>"; };
		29F786841F9FC4180035178F /* GCDWebServerMultiPartFormRequest.h */ = {isa = PBXFileReference; fileEncoding = 4; lastKnownFileType = sourcecode.c.h; path = GCDWebServerMultiPartFormRequest.h; sourceTree = "<group>"; };
		29F786851F9FC4180035178F /* GCDWebServerMultiPartFormRequest.m */ = {isa = PBXFileReference; fileEncoding = 4; lastKnownFileType = sourcecode.c.objc; path = GCDWebServerMultiPartFormRequest.m; sourceTree = "<group>"; };
		29F786861F9FC4180035178F /* GCDWebServerURLEncodedFormRequest.h */ = {isa = PBXFileReference; fileEncoding = 4; lastKnownFileType = sourcecode.c.h; path = GCDWebServerURLEncodedFormRequest.h; sourceTree = "<group>"; };
		29F786871F9FC4180035178F /* GCDWebServerURLEncodedFormRequest.m */ = {isa = PBXFileReference; fileEncoding = 4; lastKnownFileType = sourcecode.c.objc; path = GCDWebServerURLEncodedFormRequest.m; sourceTree = "<group>"; };
		29F786891F9FC4180035178F /* GCDWebServerDataResponse.h */ = {isa = PBXFileReference; fileEncoding = 4; lastKnownFileType = sourcecode.c.h; path = GCDWebServerDataResponse.h; sourceTree = "<group>"; };
		29F7868A1F9FC4180035178F /* GCDWebServerDataResponse.m */ = {isa = PBXFileReference; fileEncoding = 4; lastKnownFileType = sourcecode.c.objc; path = GCDWebServerDataResponse.m; sourceTree = "<group>"; };
		29F7868B1F9FC4180035178F /* GCDWebServerErrorResponse.h */ = {isa = PBXFileReference; fileEncoding = 4; lastKnownFileType = sourcecode.c.h; path = GCDWebServerErrorResponse.h; sourceTree = "<group>"; };
		29F7868C1F9FC4180035178F /* GCDWebServerErrorResponse.m */ = {isa = PBXFileReference; fileEncoding = 4; lastKnownFileType = sourcecode.c.objc; path = GCDWebServerErrorResponse.m; sourceTree = "<group>"; };
		29F7868D1F9FC4180035178F /* GCDWebServerFileResponse.h */ = {isa = PBXFileReference; fileEncoding = 4; lastKnownFileType = sourcecode.c.h; path = GCDWebServerFileResponse.h; sourceTree = "<group>"; };
		29F7868E1F9FC4180035178F /* GCDWebServerFileResponse.m */ = {isa = PBXFileReference; fileEncoding = 4; lastKnownFileType = sourcecode.c.objc; path = GCDWebServerFileResponse.m; sourceTree = "<group>"; };
		29F7868F1F9FC4180035178F /* GCDWebServerStreamedResponse.h */ = {isa = PBXFileReference; fileEncoding = 4; lastKnownFileType = sourcecode.c.h; path = GCDWebServerStreamedResponse.h; sourceTree = "<group>"; };
		29F786901F9FC4180035178F /* GCDWebServerStreamedResponse.m */ = {isa = PBXFileReference; fileEncoding = 4; lastKnownFileType = sourcecode.c.objc; path = GCDWebServerStreamedResponse.m; sourceTree = "<group>"; };
		29F7869F1F9FC4850035178F /* libz.tbd */ = {isa = PBXFileReference; lastKnownFileType = "sourcecode.text-based-dylib-definition"; name = libz.tbd; path = usr/lib/libz.tbd; sourceTree = SDKROOT; };
		FB7B1E721FDB60ED00A912BF /* Extensions.swift */ = {isa = PBXFileReference; fileEncoding = 4; lastKnownFileType = sourcecode.swift; path = Extensions.swift; sourceTree = "<group>"; };
/* End PBXFileReference section */

/* Begin PBXFrameworksBuildPhase section */
		29F77F201F9FC18D0035178F /* Frameworks */ = {
			isa = PBXFrameworksBuildPhase;
			buildActionMask = 2147483647;
			files = (
				4140065A1FF2175A002405B6 /* CouchbaseLiteSwift.framework in Frameworks */,
				29F786A01F9FC4850035178F /* libz.tbd in Frameworks */,
			);
			runOnlyForDeploymentPostprocessing = 0;
		};
		29F77F341F9FC18D0035178F /* Frameworks */ = {
			isa = PBXFrameworksBuildPhase;
			buildActionMask = 2147483647;
			files = (
			);
			runOnlyForDeploymentPostprocessing = 0;
		};
		29F77F3F1F9FC18D0035178F /* Frameworks */ = {
			isa = PBXFrameworksBuildPhase;
			buildActionMask = 2147483647;
			files = (
			);
			runOnlyForDeploymentPostprocessing = 0;
		};
/* End PBXFrameworksBuildPhase section */

/* Begin PBXGroup section */
		2909B0741F9FFA9B00B4E0E4 /* Server */ = {
			isa = PBXGroup;
			children = (
				FB7B1E721FDB60ED00A912BF /* Extensions.swift */,
				2909B0721F9FFA8900B4E0E4 /* Server.swift */,
				2909B0751FA3B7B400B4E0E4 /* Args.swift */,
				29D15BA01FA7DCFA005DAAA3 /* ValueSerializer.swift */,
				29D15BA21FA7DE39005DAAA3 /* Memory.swift */,
				29917D971FA92F82006C7675 /* RequestHandler.swift */,
				29C373E41FB12F5F00756010 /* sample_document.swift */,
			);
			path = Server;
			sourceTree = "<group>";
		};
		29F77F1A1F9FC18D0035178F = {
			isa = PBXGroup;
			children = (
				298980501FD600080005A0C3 /* CouchbaseLiteSwift.framework */,
				29F77F251F9FC18D0035178F /* CBLTestServer-iOS */,
				29F77F3A1F9FC18D0035178F /* CBLTestServer-iOSTests */,
				29F77F451F9FC18D0035178F /* CBLTestServer-iOSUITests */,
				29F786701F9FC4060035178F /* vendor */,
				29F77F241F9FC18D0035178F /* Products */,
				29F7869E1F9FC4850035178F /* Frameworks */,
			);
			sourceTree = "<group>";
		};
		29F77F241F9FC18D0035178F /* Products */ = {
			isa = PBXGroup;
			children = (
				29F77F231F9FC18D0035178F /* CBLTestServer-iOS.app */,
				29F77F371F9FC18D0035178F /* CBLTestServer-iOSTests.xctest */,
				29F77F421F9FC18D0035178F /* CBLTestServer-iOSUITests.xctest */,
			);
			name = Products;
			sourceTree = "<group>";
		};
		29F77F251F9FC18D0035178F /* CBLTestServer-iOS */ = {
			isa = PBXGroup;
			children = (
				2909B0741F9FFA9B00B4E0E4 /* Server */,
				29F77F261F9FC18D0035178F /* AppDelegate.swift */,
				29F77F281F9FC18D0035178F /* ViewController.swift */,
				29F77F2D1F9FC18D0035178F /* Assets.xcassets */,
				29F7866C1F9FC3F30035178F /* CBLTestServer-iOS-Bridging-Header.h */,
				29F77F321F9FC18D0035178F /* Info.plist */,
				29F77F2F1F9FC18D0035178F /* LaunchScreen.storyboard */,
				29F77F2A1F9FC18D0035178F /* Main.storyboard */,
			);
			path = "CBLTestServer-iOS";
			sourceTree = "<group>";
		};
		29F77F3A1F9FC18D0035178F /* CBLTestServer-iOSTests */ = {
			isa = PBXGroup;
			children = (
				29F77F3B1F9FC18D0035178F /* CBLTestServer_iOSTests.swift */,
				29F77F3D1F9FC18D0035178F /* Info.plist */,
			);
			path = "CBLTestServer-iOSTests";
			sourceTree = "<group>";
		};
		29F77F451F9FC18D0035178F /* CBLTestServer-iOSUITests */ = {
			isa = PBXGroup;
			children = (
				29F77F461F9FC18D0035178F /* CBLTestServer_iOSUITests.swift */,
				29F77F481F9FC18D0035178F /* Info.plist */,
			);
			path = "CBLTestServer-iOSUITests";
			sourceTree = "<group>";
		};
		29F786701F9FC4060035178F /* vendor */ = {
			isa = PBXGroup;
			children = (
				29F786711F9FC4180035178F /* GCDWebServer */,
			);
			name = vendor;
			sourceTree = "<group>";
		};
		29F786711F9FC4180035178F /* GCDWebServer */ = {
			isa = PBXGroup;
			children = (
				29F786721F9FC4180035178F /* Core */,
				29F7867F1F9FC4180035178F /* Requests */,
				29F786881F9FC4180035178F /* Responses */,
			);
			name = GCDWebServer;
			path = vendor/GCDWebServer/GCDWebServer;
			sourceTree = "<group>";
		};
		29F786721F9FC4180035178F /* Core */ = {
			isa = PBXGroup;
			children = (
				29F786731F9FC4180035178F /* GCDWebServer.h */,
				29F786741F9FC4180035178F /* GCDWebServer.m */,
				29F786751F9FC4180035178F /* GCDWebServerConnection.h */,
				29F786761F9FC4180035178F /* GCDWebServerConnection.m */,
				29F786771F9FC4180035178F /* GCDWebServerFunctions.h */,
				29F786781F9FC4180035178F /* GCDWebServerFunctions.m */,
				29F786791F9FC4180035178F /* GCDWebServerHTTPStatusCodes.h */,
				29F7867A1F9FC4180035178F /* GCDWebServerPrivate.h */,
				29F7867B1F9FC4180035178F /* GCDWebServerRequest.h */,
				29F7867C1F9FC4180035178F /* GCDWebServerRequest.m */,
				29F7867D1F9FC4180035178F /* GCDWebServerResponse.h */,
				29F7867E1F9FC4180035178F /* GCDWebServerResponse.m */,
			);
			path = Core;
			sourceTree = "<group>";
		};
		29F7867F1F9FC4180035178F /* Requests */ = {
			isa = PBXGroup;
			children = (
				29F786801F9FC4180035178F /* GCDWebServerDataRequest.h */,
				29F786811F9FC4180035178F /* GCDWebServerDataRequest.m */,
				29F786821F9FC4180035178F /* GCDWebServerFileRequest.h */,
				29F786831F9FC4180035178F /* GCDWebServerFileRequest.m */,
				29F786841F9FC4180035178F /* GCDWebServerMultiPartFormRequest.h */,
				29F786851F9FC4180035178F /* GCDWebServerMultiPartFormRequest.m */,
				29F786861F9FC4180035178F /* GCDWebServerURLEncodedFormRequest.h */,
				29F786871F9FC4180035178F /* GCDWebServerURLEncodedFormRequest.m */,
			);
			path = Requests;
			sourceTree = "<group>";
		};
		29F786881F9FC4180035178F /* Responses */ = {
			isa = PBXGroup;
			children = (
				29F786891F9FC4180035178F /* GCDWebServerDataResponse.h */,
				29F7868A1F9FC4180035178F /* GCDWebServerDataResponse.m */,
				29F7868B1F9FC4180035178F /* GCDWebServerErrorResponse.h */,
				29F7868C1F9FC4180035178F /* GCDWebServerErrorResponse.m */,
				29F7868D1F9FC4180035178F /* GCDWebServerFileResponse.h */,
				29F7868E1F9FC4180035178F /* GCDWebServerFileResponse.m */,
				29F7868F1F9FC4180035178F /* GCDWebServerStreamedResponse.h */,
				29F786901F9FC4180035178F /* GCDWebServerStreamedResponse.m */,
			);
			path = Responses;
			sourceTree = "<group>";
		};
		29F7869E1F9FC4850035178F /* Frameworks */ = {
			isa = PBXGroup;
			children = (
				298980541FD600460005A0C3 /* CouchbaseLiteSwift.framework */,
				29F7869F1F9FC4850035178F /* libz.tbd */,
			);
			name = Frameworks;
			sourceTree = "<group>";
		};
/* End PBXGroup section */

/* Begin PBXNativeTarget section */
		29F77F221F9FC18D0035178F /* CBLTestServer-iOS */ = {
			isa = PBXNativeTarget;
			buildConfigurationList = 29F77F4B1F9FC18D0035178F /* Build configuration list for PBXNativeTarget "CBLTestServer-iOS" */;
			buildPhases = (
				29F77F1F1F9FC18D0035178F /* Sources */,
				29F77F201F9FC18D0035178F /* Frameworks */,
				29F77F211F9FC18D0035178F /* Resources */,
				414006591FF21735002405B6 /* Embed Frameworks */,
			);
			buildRules = (
			);
			dependencies = (
			);
			name = "CBLTestServer-iOS";
			productName = "CBLTestServer-iOS";
			productReference = 29F77F231F9FC18D0035178F /* CBLTestServer-iOS.app */;
			productType = "com.apple.product-type.application";
		};
		29F77F361F9FC18D0035178F /* CBLTestServer-iOSTests */ = {
			isa = PBXNativeTarget;
			buildConfigurationList = 29F77F4E1F9FC18D0035178F /* Build configuration list for PBXNativeTarget "CBLTestServer-iOSTests" */;
			buildPhases = (
				29F77F331F9FC18D0035178F /* Sources */,
				29F77F341F9FC18D0035178F /* Frameworks */,
				29F77F351F9FC18D0035178F /* Resources */,
			);
			buildRules = (
			);
			dependencies = (
				29F77F391F9FC18D0035178F /* PBXTargetDependency */,
			);
			name = "CBLTestServer-iOSTests";
			productName = "CBLTestServer-iOSTests";
			productReference = 29F77F371F9FC18D0035178F /* CBLTestServer-iOSTests.xctest */;
			productType = "com.apple.product-type.bundle.unit-test";
		};
		29F77F411F9FC18D0035178F /* CBLTestServer-iOSUITests */ = {
			isa = PBXNativeTarget;
			buildConfigurationList = 29F77F511F9FC18D0035178F /* Build configuration list for PBXNativeTarget "CBLTestServer-iOSUITests" */;
			buildPhases = (
				29F77F3E1F9FC18D0035178F /* Sources */,
				29F77F3F1F9FC18D0035178F /* Frameworks */,
				29F77F401F9FC18D0035178F /* Resources */,
			);
			buildRules = (
			);
			dependencies = (
				29F77F441F9FC18D0035178F /* PBXTargetDependency */,
			);
			name = "CBLTestServer-iOSUITests";
			productName = "CBLTestServer-iOSUITests";
			productReference = 29F77F421F9FC18D0035178F /* CBLTestServer-iOSUITests.xctest */;
			productType = "com.apple.product-type.bundle.ui-testing";
		};
/* End PBXNativeTarget section */

/* Begin PBXProject section */
		29F77F1B1F9FC18D0035178F /* Project object */ = {
			isa = PBXProject;
			attributes = {
				LastSwiftUpdateCheck = 0830;
				LastUpgradeCheck = 0830;
				ORGANIZATIONNAME = "Raghu Sarangapani";
				TargetAttributes = {
					29F77F221F9FC18D0035178F = {
						CreatedOnToolsVersion = 8.3.3;
						DevelopmentTeam = WRXD2MAN6Z;
						LastSwiftMigration = 0830;
						ProvisioningStyle = Automatic;
					};
					29F77F361F9FC18D0035178F = {
						CreatedOnToolsVersion = 8.3.3;
						DevelopmentTeam = N2Q372V7W2;
						ProvisioningStyle = Automatic;
						TestTargetID = 29F77F221F9FC18D0035178F;
					};
					29F77F411F9FC18D0035178F = {
						CreatedOnToolsVersion = 8.3.3;
						DevelopmentTeam = N2Q372V7W2;
						ProvisioningStyle = Automatic;
						TestTargetID = 29F77F221F9FC18D0035178F;
					};
				};
			};
			buildConfigurationList = 29F77F1E1F9FC18D0035178F /* Build configuration list for PBXProject "CBLTestServer-iOS" */;
			compatibilityVersion = "Xcode 3.2";
			developmentRegion = English;
			hasScannedForEncodings = 0;
			knownRegions = (
				en,
				Base,
			);
			mainGroup = 29F77F1A1F9FC18D0035178F;
			productRefGroup = 29F77F241F9FC18D0035178F /* Products */;
			projectDirPath = "";
			projectRoot = "";
			targets = (
				29F77F221F9FC18D0035178F /* CBLTestServer-iOS */,
				29F77F361F9FC18D0035178F /* CBLTestServer-iOSTests */,
				29F77F411F9FC18D0035178F /* CBLTestServer-iOSUITests */,
			);
		};
/* End PBXProject section */

/* Begin PBXResourcesBuildPhase section */
		29F77F211F9FC18D0035178F /* Resources */ = {
			isa = PBXResourcesBuildPhase;
			buildActionMask = 2147483647;
			files = (
				29F77F311F9FC18D0035178F /* LaunchScreen.storyboard in Resources */,
				29F77F2E1F9FC18D0035178F /* Assets.xcassets in Resources */,
				29F77F2C1F9FC18D0035178F /* Main.storyboard in Resources */,
			);
			runOnlyForDeploymentPostprocessing = 0;
		};
		29F77F351F9FC18D0035178F /* Resources */ = {
			isa = PBXResourcesBuildPhase;
			buildActionMask = 2147483647;
			files = (
			);
			runOnlyForDeploymentPostprocessing = 0;
		};
		29F77F401F9FC18D0035178F /* Resources */ = {
			isa = PBXResourcesBuildPhase;
			buildActionMask = 2147483647;
			files = (
			);
			runOnlyForDeploymentPostprocessing = 0;
		};
/* End PBXResourcesBuildPhase section */

/* Begin PBXSourcesBuildPhase section */
		29F77F1F1F9FC18D0035178F /* Sources */ = {
			isa = PBXSourcesBuildPhase;
			buildActionMask = 2147483647;
			files = (
				29F77F291F9FC18D0035178F /* ViewController.swift in Sources */,
				29C373E51FB12F5F00756010 /* sample_document.swift in Sources */,
				29F786931F9FC4180035178F /* GCDWebServerFunctions.m in Sources */,
				29F786961F9FC4180035178F /* GCDWebServerDataRequest.m in Sources */,
				29F7869D1F9FC4180035178F /* GCDWebServerStreamedResponse.m in Sources */,
				29F7869C1F9FC4180035178F /* GCDWebServerFileResponse.m in Sources */,
				29F77F271F9FC18D0035178F /* AppDelegate.swift in Sources */,
				29917D981FA92F82006C7675 /* RequestHandler.swift in Sources */,
				29F786991F9FC4180035178F /* GCDWebServerURLEncodedFormRequest.m in Sources */,
				FB7B1E731FDB60ED00A912BF /* Extensions.swift in Sources */,
				29D15BA11FA7DCFA005DAAA3 /* ValueSerializer.swift in Sources */,
				29F786921F9FC4180035178F /* GCDWebServerConnection.m in Sources */,
				29F786971F9FC4180035178F /* GCDWebServerFileRequest.m in Sources */,
				29F786951F9FC4180035178F /* GCDWebServerResponse.m in Sources */,
				29F786941F9FC4180035178F /* GCDWebServerRequest.m in Sources */,
				29F7869B1F9FC4180035178F /* GCDWebServerErrorResponse.m in Sources */,
				29D15BA31FA7DE39005DAAA3 /* Memory.swift in Sources */,
				29F7869A1F9FC4180035178F /* GCDWebServerDataResponse.m in Sources */,
				29F786911F9FC4180035178F /* GCDWebServer.m in Sources */,
				2909B0731F9FFA8900B4E0E4 /* Server.swift in Sources */,
				2909B0761FA3B7B400B4E0E4 /* Args.swift in Sources */,
				29F786981F9FC4180035178F /* GCDWebServerMultiPartFormRequest.m in Sources */,
			);
			runOnlyForDeploymentPostprocessing = 0;
		};
		29F77F331F9FC18D0035178F /* Sources */ = {
			isa = PBXSourcesBuildPhase;
			buildActionMask = 2147483647;
			files = (
				29F77F3C1F9FC18D0035178F /* CBLTestServer_iOSTests.swift in Sources */,
			);
			runOnlyForDeploymentPostprocessing = 0;
		};
		29F77F3E1F9FC18D0035178F /* Sources */ = {
			isa = PBXSourcesBuildPhase;
			buildActionMask = 2147483647;
			files = (
				29F77F471F9FC18D0035178F /* CBLTestServer_iOSUITests.swift in Sources */,
			);
			runOnlyForDeploymentPostprocessing = 0;
		};
/* End PBXSourcesBuildPhase section */

/* Begin PBXTargetDependency section */
		29F77F391F9FC18D0035178F /* PBXTargetDependency */ = {
			isa = PBXTargetDependency;
			target = 29F77F221F9FC18D0035178F /* CBLTestServer-iOS */;
			targetProxy = 29F77F381F9FC18D0035178F /* PBXContainerItemProxy */;
		};
		29F77F441F9FC18D0035178F /* PBXTargetDependency */ = {
			isa = PBXTargetDependency;
			target = 29F77F221F9FC18D0035178F /* CBLTestServer-iOS */;
			targetProxy = 29F77F431F9FC18D0035178F /* PBXContainerItemProxy */;
		};
/* End PBXTargetDependency section */

/* Begin PBXVariantGroup section */
		29F77F2A1F9FC18D0035178F /* Main.storyboard */ = {
			isa = PBXVariantGroup;
			children = (
				29F77F2B1F9FC18D0035178F /* Base */,
			);
			name = Main.storyboard;
			sourceTree = "<group>";
		};
		29F77F2F1F9FC18D0035178F /* LaunchScreen.storyboard */ = {
			isa = PBXVariantGroup;
			children = (
				29F77F301F9FC18D0035178F /* Base */,
			);
			name = LaunchScreen.storyboard;
			sourceTree = "<group>";
		};
/* End PBXVariantGroup section */

/* Begin XCBuildConfiguration section */
		29F77F491F9FC18D0035178F /* Debug */ = {
			isa = XCBuildConfiguration;
			buildSettings = {
				ALWAYS_SEARCH_USER_PATHS = NO;
				CLANG_ANALYZER_NONNULL = YES;
				CLANG_ANALYZER_NUMBER_OBJECT_CONVERSION = YES_AGGRESSIVE;
				CLANG_CXX_LANGUAGE_STANDARD = "gnu++0x";
				CLANG_CXX_LIBRARY = "libc++";
				CLANG_ENABLE_MODULES = YES;
				CLANG_ENABLE_OBJC_ARC = YES;
				CLANG_WARN_BOOL_CONVERSION = YES;
				CLANG_WARN_CONSTANT_CONVERSION = YES;
				CLANG_WARN_DIRECT_OBJC_ISA_USAGE = YES_ERROR;
				CLANG_WARN_DOCUMENTATION_COMMENTS = YES;
				CLANG_WARN_EMPTY_BODY = YES;
				CLANG_WARN_ENUM_CONVERSION = YES;
				CLANG_WARN_INFINITE_RECURSION = YES;
				CLANG_WARN_INT_CONVERSION = YES;
				CLANG_WARN_OBJC_ROOT_CLASS = YES_ERROR;
				CLANG_WARN_SUSPICIOUS_MOVE = YES;
				CLANG_WARN_UNREACHABLE_CODE = YES;
				CLANG_WARN__DUPLICATE_METHOD_MATCH = YES;
				"CODE_SIGN_IDENTITY[sdk=iphoneos*]" = "iPhone Developer";
				COPY_PHASE_STRIP = NO;
				DEBUG_INFORMATION_FORMAT = dwarf;
				ENABLE_STRICT_OBJC_MSGSEND = YES;
				ENABLE_TESTABILITY = YES;
				GCC_C_LANGUAGE_STANDARD = gnu99;
				GCC_DYNAMIC_NO_PIC = NO;
				GCC_NO_COMMON_BLOCKS = YES;
				GCC_OPTIMIZATION_LEVEL = 0;
				GCC_PREPROCESSOR_DEFINITIONS = (
					"DEBUG=1",
					"$(inherited)",
				);
				GCC_WARN_64_TO_32_BIT_CONVERSION = YES;
				GCC_WARN_ABOUT_RETURN_TYPE = YES_ERROR;
				GCC_WARN_UNDECLARED_SELECTOR = YES;
				GCC_WARN_UNINITIALIZED_AUTOS = YES_AGGRESSIVE;
				GCC_WARN_UNUSED_FUNCTION = YES;
				GCC_WARN_UNUSED_VARIABLE = YES;
				IPHONEOS_DEPLOYMENT_TARGET = 10.3;
				MTL_ENABLE_DEBUG_INFO = YES;
				ONLY_ACTIVE_ARCH = YES;
				SDKROOT = iphoneos;
				SWIFT_ACTIVE_COMPILATION_CONDITIONS = DEBUG;
				SWIFT_OPTIMIZATION_LEVEL = "-Onone";
				TARGETED_DEVICE_FAMILY = "1,2";
			};
			name = Debug;
		};
		29F77F4A1F9FC18D0035178F /* Release */ = {
			isa = XCBuildConfiguration;
			buildSettings = {
				ALWAYS_SEARCH_USER_PATHS = NO;
				CLANG_ANALYZER_NONNULL = YES;
				CLANG_ANALYZER_NUMBER_OBJECT_CONVERSION = YES_AGGRESSIVE;
				CLANG_CXX_LANGUAGE_STANDARD = "gnu++0x";
				CLANG_CXX_LIBRARY = "libc++";
				CLANG_ENABLE_MODULES = YES;
				CLANG_ENABLE_OBJC_ARC = YES;
				CLANG_WARN_BOOL_CONVERSION = YES;
				CLANG_WARN_CONSTANT_CONVERSION = YES;
				CLANG_WARN_DIRECT_OBJC_ISA_USAGE = YES_ERROR;
				CLANG_WARN_DOCUMENTATION_COMMENTS = YES;
				CLANG_WARN_EMPTY_BODY = YES;
				CLANG_WARN_ENUM_CONVERSION = YES;
				CLANG_WARN_INFINITE_RECURSION = YES;
				CLANG_WARN_INT_CONVERSION = YES;
				CLANG_WARN_OBJC_ROOT_CLASS = YES_ERROR;
				CLANG_WARN_SUSPICIOUS_MOVE = YES;
				CLANG_WARN_UNREACHABLE_CODE = YES;
				CLANG_WARN__DUPLICATE_METHOD_MATCH = YES;
				"CODE_SIGN_IDENTITY[sdk=iphoneos*]" = "iPhone Developer";
				COPY_PHASE_STRIP = NO;
				DEBUG_INFORMATION_FORMAT = "dwarf-with-dsym";
				ENABLE_NS_ASSERTIONS = NO;
				ENABLE_STRICT_OBJC_MSGSEND = YES;
				GCC_C_LANGUAGE_STANDARD = gnu99;
				GCC_NO_COMMON_BLOCKS = YES;
				GCC_WARN_64_TO_32_BIT_CONVERSION = YES;
				GCC_WARN_ABOUT_RETURN_TYPE = YES_ERROR;
				GCC_WARN_UNDECLARED_SELECTOR = YES;
				GCC_WARN_UNINITIALIZED_AUTOS = YES_AGGRESSIVE;
				GCC_WARN_UNUSED_FUNCTION = YES;
				GCC_WARN_UNUSED_VARIABLE = YES;
				IPHONEOS_DEPLOYMENT_TARGET = 10.3;
				MTL_ENABLE_DEBUG_INFO = NO;
				SDKROOT = iphoneos;
				SWIFT_OPTIMIZATION_LEVEL = "-Owholemodule";
				TARGETED_DEVICE_FAMILY = "1,2";
				VALIDATE_PRODUCT = YES;
			};
			name = Release;
		};
		29F77F4C1F9FC18D0035178F /* Debug */ = {
			isa = XCBuildConfiguration;
			buildSettings = {
				ASSETCATALOG_COMPILER_APPICON_NAME = AppIcon;
				CLANG_ENABLE_MODULES = YES;
				DEVELOPMENT_TEAM = WRXD2MAN6Z;
				FRAMEWORK_SEARCH_PATHS = (
					"$(inherited)",
					"$(PROJECT_DIR)/Frameworks/iOS",
					"$(PROJECT_DIR)/Carthage/Build/iOS",
				);
				INFOPLIST_FILE = "CBLTestServer-iOS/Info.plist";
				LD_RUNPATH_SEARCH_PATHS = "$(inherited) @executable_path/Frameworks";
				PRODUCT_BUNDLE_IDENTIFIER = "com.couchbase.CBLTestServer-iOS";
				PRODUCT_NAME = "$(TARGET_NAME)";
				SWIFT_OBJC_BRIDGING_HEADER = "CBLTestServer-iOS/CBLTestServer-iOS-Bridging-Header.h";
				SWIFT_OPTIMIZATION_LEVEL = "-Onone";
				SWIFT_VERSION = 3.0;
			};
			name = Debug;
		};
		29F77F4D1F9FC18D0035178F /* Release */ = {
			isa = XCBuildConfiguration;
			buildSettings = {
				ASSETCATALOG_COMPILER_APPICON_NAME = AppIcon;
				CLANG_ENABLE_MODULES = YES;
				DEVELOPMENT_TEAM = WRXD2MAN6Z;
				FRAMEWORK_SEARCH_PATHS = (
					"$(inherited)",
					"$(PROJECT_DIR)/Frameworks/iOS",
					"$(PROJECT_DIR)/Carthage/Build/iOS",
				);
				INFOPLIST_FILE = "CBLTestServer-iOS/Info.plist";
				LD_RUNPATH_SEARCH_PATHS = "$(inherited) @executable_path/Frameworks";
				PRODUCT_BUNDLE_IDENTIFIER = "com.couchbase.CBLTestServer-iOS";
				PRODUCT_NAME = "$(TARGET_NAME)";
				SWIFT_OBJC_BRIDGING_HEADER = "CBLTestServer-iOS/CBLTestServer-iOS-Bridging-Header.h";
				SWIFT_VERSION = 3.0;
			};
			name = Release;
		};
		29F77F4F1F9FC18D0035178F /* Debug */ = {
			isa = XCBuildConfiguration;
			buildSettings = {
				ALWAYS_EMBED_SWIFT_STANDARD_LIBRARIES = YES;
				BUNDLE_LOADER = "$(TEST_HOST)";
				DEVELOPMENT_TEAM = N2Q372V7W2;
				INFOPLIST_FILE = "CBLTestServer-iOSTests/Info.plist";
				LD_RUNPATH_SEARCH_PATHS = "$(inherited) @executable_path/Frameworks @loader_path/Frameworks";
				PRODUCT_BUNDLE_IDENTIFIER = "com.couchbase.CBLTestServer-iOSTests";
				PRODUCT_NAME = "$(TARGET_NAME)";
				SWIFT_VERSION = 3.0;
				TEST_HOST = "$(BUILT_PRODUCTS_DIR)/CBLTestServer-iOS.app/CBLTestServer-iOS";
			};
			name = Debug;
		};
		29F77F501F9FC18D0035178F /* Release */ = {
			isa = XCBuildConfiguration;
			buildSettings = {
				ALWAYS_EMBED_SWIFT_STANDARD_LIBRARIES = YES;
				BUNDLE_LOADER = "$(TEST_HOST)";
				DEVELOPMENT_TEAM = N2Q372V7W2;
				INFOPLIST_FILE = "CBLTestServer-iOSTests/Info.plist";
				LD_RUNPATH_SEARCH_PATHS = "$(inherited) @executable_path/Frameworks @loader_path/Frameworks";
				PRODUCT_BUNDLE_IDENTIFIER = "com.couchbase.CBLTestServer-iOSTests";
				PRODUCT_NAME = "$(TARGET_NAME)";
				SWIFT_VERSION = 3.0;
				TEST_HOST = "$(BUILT_PRODUCTS_DIR)/CBLTestServer-iOS.app/CBLTestServer-iOS";
			};
			name = Release;
		};
		29F77F521F9FC18D0035178F /* Debug */ = {
			isa = XCBuildConfiguration;
			buildSettings = {
				ALWAYS_EMBED_SWIFT_STANDARD_LIBRARIES = YES;
				DEVELOPMENT_TEAM = N2Q372V7W2;
				INFOPLIST_FILE = "CBLTestServer-iOSUITests/Info.plist";
				LD_RUNPATH_SEARCH_PATHS = "$(inherited) @executable_path/Frameworks @loader_path/Frameworks";
				PRODUCT_BUNDLE_IDENTIFIER = "com.couchbase.CBLTestServer-iOSUITests";
				PRODUCT_NAME = "$(TARGET_NAME)";
				SWIFT_VERSION = 3.0;
				TEST_TARGET_NAME = "CBLTestServer-iOS";
			};
			name = Debug;
		};
		29F77F531F9FC18D0035178F /* Release */ = {
			isa = XCBuildConfiguration;
			buildSettings = {
				ALWAYS_EMBED_SWIFT_STANDARD_LIBRARIES = YES;
				DEVELOPMENT_TEAM = N2Q372V7W2;
				INFOPLIST_FILE = "CBLTestServer-iOSUITests/Info.plist";
				LD_RUNPATH_SEARCH_PATHS = "$(inherited) @executable_path/Frameworks @loader_path/Frameworks";
				PRODUCT_BUNDLE_IDENTIFIER = "com.couchbase.CBLTestServer-iOSUITests";
				PRODUCT_NAME = "$(TARGET_NAME)";
				SWIFT_VERSION = 3.0;
				TEST_TARGET_NAME = "CBLTestServer-iOS";
			};
			name = Release;
		};
/* End XCBuildConfiguration section */

/* Begin XCConfigurationList section */
		29F77F1E1F9FC18D0035178F /* Build configuration list for PBXProject "CBLTestServer-iOS" */ = {
			isa = XCConfigurationList;
			buildConfigurations = (
				29F77F491F9FC18D0035178F /* Debug */,
				29F77F4A1F9FC18D0035178F /* Release */,
			);
			defaultConfigurationIsVisible = 0;
			defaultConfigurationName = Release;
		};
		29F77F4B1F9FC18D0035178F /* Build configuration list for PBXNativeTarget "CBLTestServer-iOS" */ = {
			isa = XCConfigurationList;
			buildConfigurations = (
				29F77F4C1F9FC18D0035178F /* Debug */,
				29F77F4D1F9FC18D0035178F /* Release */,
			);
			defaultConfigurationIsVisible = 0;
			defaultConfigurationName = Release;
		};
		29F77F4E1F9FC18D0035178F /* Build configuration list for PBXNativeTarget "CBLTestServer-iOSTests" */ = {
			isa = XCConfigurationList;
			buildConfigurations = (
				29F77F4F1F9FC18D0035178F /* Debug */,
				29F77F501F9FC18D0035178F /* Release */,
			);
			defaultConfigurationIsVisible = 0;
			defaultConfigurationName = Release;
		};
		29F77F511F9FC18D0035178F /* Build configuration list for PBXNativeTarget "CBLTestServer-iOSUITests" */ = {
			isa = XCConfigurationList;
			buildConfigurations = (
				29F77F521F9FC18D0035178F /* Debug */,
				29F77F531F9FC18D0035178F /* Release */,
			);
			defaultConfigurationIsVisible = 0;
			defaultConfigurationName = Release;
		};
/* End XCConfigurationList section */
	};
	rootObject = 29F77F1B1F9FC18D0035178F /* Project object */;
}
