
Microsoft Visual Studio Solution File, Format Version 12.00
# Visual Studio 15
VisualStudioVersion = 15.0.27130.2036
MinimumVisualStudioVersion = 10.0.40219.1
Project("{FAE04EC0-301F-11D3-BF4B-00C04F79EFBC}") = "TestServer.NetCore", "TestServer.NetCore\TestServer.NetCore.csproj", "{A8E9786C-64F3-46EF-894C-9A7E51AC9210}"
EndProject
Project("{FAE04EC0-301F-11D3-BF4B-00C04F79EFBC}") = "TestServer", "TestServer\TestServer.csproj", "{CA1DB44F-9A07-40C1-B305-F0B5D797EE6A}"
EndProject
Project("{FAE04EC0-301F-11D3-BF4B-00C04F79EFBC}") = "TestServer.Android", "TestServer.Android\TestServer.Android.csproj", "{C0681E36-FA0E-4CAA-8156-BDD76473FC41}"
EndProject
Project("{2150E333-8FDC-42A3-9474-1A3956D46DE8}") = "vendor", "vendor", "{2B58E7BC-72DA-4AD1-AE70-38BBEBD1E7D2}"
EndProject
Project("{FAE04EC0-301F-11D3-BF4B-00C04F79EFBC}") = "TestServer.UWP", "TestServer.UWP\TestServer.UWP.csproj", "{BE38BAF3-0461-443F-84AB-4C024E4AA673}"
EndProject
Project("{FAE04EC0-301F-11D3-BF4B-00C04F79EFBC}") = "TestServer.iOS", "TestServer.iOS\TestServer.iOS.csproj", "{F39EE0E0-ED26-43CE-AFF8-A91F0895788F}"
EndProject
Project("{9344BDBB-3E7F-41FC-A0DD-8665D75EE146}") = "SyncGatewaySdk", "vendor\sync-gateway-dotnet-sdk\SyncGatewaySdk\SyncGatewaySdk.csproj", "{522B3834-F80A-45BD-8C37-9BD5AB870F93}"
EndProject
Global
	GlobalSection(SolutionConfigurationPlatforms) = preSolution
		Ad-Hoc|Any CPU = Ad-Hoc|Any CPU
		Ad-Hoc|ARM = Ad-Hoc|ARM
		Ad-Hoc|iPhone = Ad-Hoc|iPhone
		Ad-Hoc|iPhoneSimulator = Ad-Hoc|iPhoneSimulator
		Ad-Hoc|x64 = Ad-Hoc|x64
		Ad-Hoc|x86 = Ad-Hoc|x86
		AppStore|Any CPU = AppStore|Any CPU
		AppStore|ARM = AppStore|ARM
		AppStore|iPhone = AppStore|iPhone
		AppStore|iPhoneSimulator = AppStore|iPhoneSimulator
		AppStore|x64 = AppStore|x64
		AppStore|x86 = AppStore|x86
		Debug|Any CPU = Debug|Any CPU
		Debug|ARM = Debug|ARM
		Debug|iPhone = Debug|iPhone
		Debug|iPhoneSimulator = Debug|iPhoneSimulator
		Debug|x64 = Debug|x64
		Debug|x86 = Debug|x86
		Release|Any CPU = Release|Any CPU
		Release|ARM = Release|ARM
		Release|iPhone = Release|iPhone
		Release|iPhoneSimulator = Release|iPhoneSimulator
		Release|x64 = Release|x64
		Release|x86 = Release|x86
	EndGlobalSection
	GlobalSection(ProjectConfigurationPlatforms) = postSolution
		{A8E9786C-64F3-46EF-894C-9A7E51AC9210}.Ad-Hoc|Any CPU.ActiveCfg = Release|Any CPU
		{A8E9786C-64F3-46EF-894C-9A7E51AC9210}.Ad-Hoc|Any CPU.Build.0 = Release|Any CPU
		{A8E9786C-64F3-46EF-894C-9A7E51AC9210}.Ad-Hoc|ARM.ActiveCfg = Release|Any CPU
		{A8E9786C-64F3-46EF-894C-9A7E51AC9210}.Ad-Hoc|ARM.Build.0 = Release|Any CPU
		{A8E9786C-64F3-46EF-894C-9A7E51AC9210}.Ad-Hoc|iPhone.ActiveCfg = Release|Any CPU
		{A8E9786C-64F3-46EF-894C-9A7E51AC9210}.Ad-Hoc|iPhone.Build.0 = Release|Any CPU
		{A8E9786C-64F3-46EF-894C-9A7E51AC9210}.Ad-Hoc|iPhoneSimulator.ActiveCfg = Release|Any CPU
		{A8E9786C-64F3-46EF-894C-9A7E51AC9210}.Ad-Hoc|iPhoneSimulator.Build.0 = Release|Any CPU
		{A8E9786C-64F3-46EF-894C-9A7E51AC9210}.Ad-Hoc|x64.ActiveCfg = Release|Any CPU
		{A8E9786C-64F3-46EF-894C-9A7E51AC9210}.Ad-Hoc|x64.Build.0 = Release|Any CPU
		{A8E9786C-64F3-46EF-894C-9A7E51AC9210}.Ad-Hoc|x86.ActiveCfg = Release|Any CPU
		{A8E9786C-64F3-46EF-894C-9A7E51AC9210}.Ad-Hoc|x86.Build.0 = Release|Any CPU
		{A8E9786C-64F3-46EF-894C-9A7E51AC9210}.AppStore|Any CPU.ActiveCfg = Release|Any CPU
		{A8E9786C-64F3-46EF-894C-9A7E51AC9210}.AppStore|Any CPU.Build.0 = Release|Any CPU
		{A8E9786C-64F3-46EF-894C-9A7E51AC9210}.AppStore|ARM.ActiveCfg = Release|Any CPU
		{A8E9786C-64F3-46EF-894C-9A7E51AC9210}.AppStore|ARM.Build.0 = Release|Any CPU
		{A8E9786C-64F3-46EF-894C-9A7E51AC9210}.AppStore|iPhone.ActiveCfg = Release|Any CPU
		{A8E9786C-64F3-46EF-894C-9A7E51AC9210}.AppStore|iPhone.Build.0 = Release|Any CPU
		{A8E9786C-64F3-46EF-894C-9A7E51AC9210}.AppStore|iPhoneSimulator.ActiveCfg = Release|Any CPU
		{A8E9786C-64F3-46EF-894C-9A7E51AC9210}.AppStore|iPhoneSimulator.Build.0 = Release|Any CPU
		{A8E9786C-64F3-46EF-894C-9A7E51AC9210}.AppStore|x64.ActiveCfg = Release|Any CPU
		{A8E9786C-64F3-46EF-894C-9A7E51AC9210}.AppStore|x64.Build.0 = Release|Any CPU
		{A8E9786C-64F3-46EF-894C-9A7E51AC9210}.AppStore|x86.ActiveCfg = Release|Any CPU
		{A8E9786C-64F3-46EF-894C-9A7E51AC9210}.AppStore|x86.Build.0 = Release|Any CPU
		{A8E9786C-64F3-46EF-894C-9A7E51AC9210}.Debug|Any CPU.ActiveCfg = Debug|Any CPU
		{A8E9786C-64F3-46EF-894C-9A7E51AC9210}.Debug|Any CPU.Build.0 = Debug|Any CPU
		{A8E9786C-64F3-46EF-894C-9A7E51AC9210}.Debug|ARM.ActiveCfg = Debug|Any CPU
		{A8E9786C-64F3-46EF-894C-9A7E51AC9210}.Debug|ARM.Build.0 = Debug|Any CPU
		{A8E9786C-64F3-46EF-894C-9A7E51AC9210}.Debug|iPhone.ActiveCfg = Debug|Any CPU
		{A8E9786C-64F3-46EF-894C-9A7E51AC9210}.Debug|iPhone.Build.0 = Debug|Any CPU
		{A8E9786C-64F3-46EF-894C-9A7E51AC9210}.Debug|iPhoneSimulator.ActiveCfg = Debug|Any CPU
		{A8E9786C-64F3-46EF-894C-9A7E51AC9210}.Debug|iPhoneSimulator.Build.0 = Debug|Any CPU
		{A8E9786C-64F3-46EF-894C-9A7E51AC9210}.Debug|x64.ActiveCfg = Debug|Any CPU
		{A8E9786C-64F3-46EF-894C-9A7E51AC9210}.Debug|x64.Build.0 = Debug|Any CPU
		{A8E9786C-64F3-46EF-894C-9A7E51AC9210}.Debug|x86.ActiveCfg = Debug|Any CPU
		{A8E9786C-64F3-46EF-894C-9A7E51AC9210}.Debug|x86.Build.0 = Debug|Any CPU
		{A8E9786C-64F3-46EF-894C-9A7E51AC9210}.Release|Any CPU.ActiveCfg = Release|Any CPU
		{A8E9786C-64F3-46EF-894C-9A7E51AC9210}.Release|Any CPU.Build.0 = Release|Any CPU
		{A8E9786C-64F3-46EF-894C-9A7E51AC9210}.Release|ARM.ActiveCfg = Release|Any CPU
		{A8E9786C-64F3-46EF-894C-9A7E51AC9210}.Release|ARM.Build.0 = Release|Any CPU
		{A8E9786C-64F3-46EF-894C-9A7E51AC9210}.Release|iPhone.ActiveCfg = Release|Any CPU
		{A8E9786C-64F3-46EF-894C-9A7E51AC9210}.Release|iPhone.Build.0 = Release|Any CPU
		{A8E9786C-64F3-46EF-894C-9A7E51AC9210}.Release|iPhoneSimulator.ActiveCfg = Release|Any CPU
		{A8E9786C-64F3-46EF-894C-9A7E51AC9210}.Release|iPhoneSimulator.Build.0 = Release|Any CPU
		{A8E9786C-64F3-46EF-894C-9A7E51AC9210}.Release|x64.ActiveCfg = Release|Any CPU
		{A8E9786C-64F3-46EF-894C-9A7E51AC9210}.Release|x64.Build.0 = Release|Any CPU
		{A8E9786C-64F3-46EF-894C-9A7E51AC9210}.Release|x86.ActiveCfg = Release|Any CPU
		{A8E9786C-64F3-46EF-894C-9A7E51AC9210}.Release|x86.Build.0 = Release|Any CPU
		{CA1DB44F-9A07-40C1-B305-F0B5D797EE6A}.Ad-Hoc|Any CPU.ActiveCfg = Release|Any CPU
		{CA1DB44F-9A07-40C1-B305-F0B5D797EE6A}.Ad-Hoc|Any CPU.Build.0 = Release|Any CPU
		{CA1DB44F-9A07-40C1-B305-F0B5D797EE6A}.Ad-Hoc|ARM.ActiveCfg = Release|Any CPU
		{CA1DB44F-9A07-40C1-B305-F0B5D797EE6A}.Ad-Hoc|ARM.Build.0 = Release|Any CPU
		{CA1DB44F-9A07-40C1-B305-F0B5D797EE6A}.Ad-Hoc|iPhone.ActiveCfg = Release|Any CPU
		{CA1DB44F-9A07-40C1-B305-F0B5D797EE6A}.Ad-Hoc|iPhone.Build.0 = Release|Any CPU
		{CA1DB44F-9A07-40C1-B305-F0B5D797EE6A}.Ad-Hoc|iPhoneSimulator.ActiveCfg = Release|Any CPU
		{CA1DB44F-9A07-40C1-B305-F0B5D797EE6A}.Ad-Hoc|iPhoneSimulator.Build.0 = Release|Any CPU
		{CA1DB44F-9A07-40C1-B305-F0B5D797EE6A}.Ad-Hoc|x64.ActiveCfg = Release|Any CPU
		{CA1DB44F-9A07-40C1-B305-F0B5D797EE6A}.Ad-Hoc|x64.Build.0 = Release|Any CPU
		{CA1DB44F-9A07-40C1-B305-F0B5D797EE6A}.Ad-Hoc|x86.ActiveCfg = Release|Any CPU
		{CA1DB44F-9A07-40C1-B305-F0B5D797EE6A}.Ad-Hoc|x86.Build.0 = Release|Any CPU
		{CA1DB44F-9A07-40C1-B305-F0B5D797EE6A}.AppStore|Any CPU.ActiveCfg = Release|Any CPU
		{CA1DB44F-9A07-40C1-B305-F0B5D797EE6A}.AppStore|Any CPU.Build.0 = Release|Any CPU
		{CA1DB44F-9A07-40C1-B305-F0B5D797EE6A}.AppStore|ARM.ActiveCfg = Release|Any CPU
		{CA1DB44F-9A07-40C1-B305-F0B5D797EE6A}.AppStore|ARM.Build.0 = Release|Any CPU
		{CA1DB44F-9A07-40C1-B305-F0B5D797EE6A}.AppStore|iPhone.ActiveCfg = Release|Any CPU
		{CA1DB44F-9A07-40C1-B305-F0B5D797EE6A}.AppStore|iPhone.Build.0 = Release|Any CPU
		{CA1DB44F-9A07-40C1-B305-F0B5D797EE6A}.AppStore|iPhoneSimulator.ActiveCfg = Release|Any CPU
		{CA1DB44F-9A07-40C1-B305-F0B5D797EE6A}.AppStore|iPhoneSimulator.Build.0 = Release|Any CPU
		{CA1DB44F-9A07-40C1-B305-F0B5D797EE6A}.AppStore|x64.ActiveCfg = Release|Any CPU
		{CA1DB44F-9A07-40C1-B305-F0B5D797EE6A}.AppStore|x64.Build.0 = Release|Any CPU
		{CA1DB44F-9A07-40C1-B305-F0B5D797EE6A}.AppStore|x86.ActiveCfg = Release|Any CPU
		{CA1DB44F-9A07-40C1-B305-F0B5D797EE6A}.AppStore|x86.Build.0 = Release|Any CPU
		{CA1DB44F-9A07-40C1-B305-F0B5D797EE6A}.Debug|Any CPU.ActiveCfg = Debug|Any CPU
		{CA1DB44F-9A07-40C1-B305-F0B5D797EE6A}.Debug|Any CPU.Build.0 = Debug|Any CPU
		{CA1DB44F-9A07-40C1-B305-F0B5D797EE6A}.Debug|ARM.ActiveCfg = Debug|Any CPU
		{CA1DB44F-9A07-40C1-B305-F0B5D797EE6A}.Debug|ARM.Build.0 = Debug|Any CPU
		{CA1DB44F-9A07-40C1-B305-F0B5D797EE6A}.Debug|iPhone.ActiveCfg = Debug|Any CPU
		{CA1DB44F-9A07-40C1-B305-F0B5D797EE6A}.Debug|iPhone.Build.0 = Debug|Any CPU
		{CA1DB44F-9A07-40C1-B305-F0B5D797EE6A}.Debug|iPhoneSimulator.ActiveCfg = Debug|Any CPU
		{CA1DB44F-9A07-40C1-B305-F0B5D797EE6A}.Debug|iPhoneSimulator.Build.0 = Debug|Any CPU
		{CA1DB44F-9A07-40C1-B305-F0B5D797EE6A}.Debug|x64.ActiveCfg = Debug|Any CPU
		{CA1DB44F-9A07-40C1-B305-F0B5D797EE6A}.Debug|x64.Build.0 = Debug|Any CPU
		{CA1DB44F-9A07-40C1-B305-F0B5D797EE6A}.Debug|x86.ActiveCfg = Debug|Any CPU
		{CA1DB44F-9A07-40C1-B305-F0B5D797EE6A}.Debug|x86.Build.0 = Debug|Any CPU
		{CA1DB44F-9A07-40C1-B305-F0B5D797EE6A}.Release|Any CPU.ActiveCfg = Release|Any CPU
		{CA1DB44F-9A07-40C1-B305-F0B5D797EE6A}.Release|Any CPU.Build.0 = Release|Any CPU
		{CA1DB44F-9A07-40C1-B305-F0B5D797EE6A}.Release|ARM.ActiveCfg = Release|Any CPU
		{CA1DB44F-9A07-40C1-B305-F0B5D797EE6A}.Release|ARM.Build.0 = Release|Any CPU
		{CA1DB44F-9A07-40C1-B305-F0B5D797EE6A}.Release|iPhone.ActiveCfg = Release|Any CPU
		{CA1DB44F-9A07-40C1-B305-F0B5D797EE6A}.Release|iPhone.Build.0 = Release|Any CPU
		{CA1DB44F-9A07-40C1-B305-F0B5D797EE6A}.Release|iPhoneSimulator.ActiveCfg = Release|Any CPU
		{CA1DB44F-9A07-40C1-B305-F0B5D797EE6A}.Release|iPhoneSimulator.Build.0 = Release|Any CPU
		{CA1DB44F-9A07-40C1-B305-F0B5D797EE6A}.Release|x64.ActiveCfg = Release|Any CPU
		{CA1DB44F-9A07-40C1-B305-F0B5D797EE6A}.Release|x64.Build.0 = Release|Any CPU
		{CA1DB44F-9A07-40C1-B305-F0B5D797EE6A}.Release|x86.ActiveCfg = Release|Any CPU
		{CA1DB44F-9A07-40C1-B305-F0B5D797EE6A}.Release|x86.Build.0 = Release|Any CPU
		{C0681E36-FA0E-4CAA-8156-BDD76473FC41}.Ad-Hoc|Any CPU.ActiveCfg = Release|Any CPU
		{C0681E36-FA0E-4CAA-8156-BDD76473FC41}.Ad-Hoc|Any CPU.Build.0 = Release|Any CPU
		{C0681E36-FA0E-4CAA-8156-BDD76473FC41}.Ad-Hoc|Any CPU.Deploy.0 = Release|Any CPU
		{C0681E36-FA0E-4CAA-8156-BDD76473FC41}.Ad-Hoc|ARM.ActiveCfg = Release|Any CPU
		{C0681E36-FA0E-4CAA-8156-BDD76473FC41}.Ad-Hoc|ARM.Build.0 = Release|Any CPU
		{C0681E36-FA0E-4CAA-8156-BDD76473FC41}.Ad-Hoc|ARM.Deploy.0 = Release|Any CPU
		{C0681E36-FA0E-4CAA-8156-BDD76473FC41}.Ad-Hoc|iPhone.ActiveCfg = Release|Any CPU
		{C0681E36-FA0E-4CAA-8156-BDD76473FC41}.Ad-Hoc|iPhone.Build.0 = Release|Any CPU
		{C0681E36-FA0E-4CAA-8156-BDD76473FC41}.Ad-Hoc|iPhone.Deploy.0 = Release|Any CPU
		{C0681E36-FA0E-4CAA-8156-BDD76473FC41}.Ad-Hoc|iPhoneSimulator.ActiveCfg = Release|Any CPU
		{C0681E36-FA0E-4CAA-8156-BDD76473FC41}.Ad-Hoc|iPhoneSimulator.Build.0 = Release|Any CPU
		{C0681E36-FA0E-4CAA-8156-BDD76473FC41}.Ad-Hoc|iPhoneSimulator.Deploy.0 = Release|Any CPU
		{C0681E36-FA0E-4CAA-8156-BDD76473FC41}.Ad-Hoc|x64.ActiveCfg = Release|Any CPU
		{C0681E36-FA0E-4CAA-8156-BDD76473FC41}.Ad-Hoc|x64.Build.0 = Release|Any CPU
		{C0681E36-FA0E-4CAA-8156-BDD76473FC41}.Ad-Hoc|x64.Deploy.0 = Release|Any CPU
		{C0681E36-FA0E-4CAA-8156-BDD76473FC41}.Ad-Hoc|x86.ActiveCfg = Release|Any CPU
		{C0681E36-FA0E-4CAA-8156-BDD76473FC41}.Ad-Hoc|x86.Build.0 = Release|Any CPU
		{C0681E36-FA0E-4CAA-8156-BDD76473FC41}.Ad-Hoc|x86.Deploy.0 = Release|Any CPU
		{C0681E36-FA0E-4CAA-8156-BDD76473FC41}.AppStore|Any CPU.ActiveCfg = Release|Any CPU
		{C0681E36-FA0E-4CAA-8156-BDD76473FC41}.AppStore|Any CPU.Build.0 = Release|Any CPU
		{C0681E36-FA0E-4CAA-8156-BDD76473FC41}.AppStore|Any CPU.Deploy.0 = Release|Any CPU
		{C0681E36-FA0E-4CAA-8156-BDD76473FC41}.AppStore|ARM.ActiveCfg = Release|Any CPU
		{C0681E36-FA0E-4CAA-8156-BDD76473FC41}.AppStore|ARM.Build.0 = Release|Any CPU
		{C0681E36-FA0E-4CAA-8156-BDD76473FC41}.AppStore|ARM.Deploy.0 = Release|Any CPU
		{C0681E36-FA0E-4CAA-8156-BDD76473FC41}.AppStore|iPhone.ActiveCfg = Release|Any CPU
		{C0681E36-FA0E-4CAA-8156-BDD76473FC41}.AppStore|iPhone.Build.0 = Release|Any CPU
		{C0681E36-FA0E-4CAA-8156-BDD76473FC41}.AppStore|iPhone.Deploy.0 = Release|Any CPU
		{C0681E36-FA0E-4CAA-8156-BDD76473FC41}.AppStore|iPhoneSimulator.ActiveCfg = Release|Any CPU
		{C0681E36-FA0E-4CAA-8156-BDD76473FC41}.AppStore|iPhoneSimulator.Build.0 = Release|Any CPU
		{C0681E36-FA0E-4CAA-8156-BDD76473FC41}.AppStore|iPhoneSimulator.Deploy.0 = Release|Any CPU
		{C0681E36-FA0E-4CAA-8156-BDD76473FC41}.AppStore|x64.ActiveCfg = Release|Any CPU
		{C0681E36-FA0E-4CAA-8156-BDD76473FC41}.AppStore|x64.Build.0 = Release|Any CPU
		{C0681E36-FA0E-4CAA-8156-BDD76473FC41}.AppStore|x64.Deploy.0 = Release|Any CPU
		{C0681E36-FA0E-4CAA-8156-BDD76473FC41}.AppStore|x86.ActiveCfg = Release|Any CPU
		{C0681E36-FA0E-4CAA-8156-BDD76473FC41}.AppStore|x86.Build.0 = Release|Any CPU
		{C0681E36-FA0E-4CAA-8156-BDD76473FC41}.AppStore|x86.Deploy.0 = Release|Any CPU
		{C0681E36-FA0E-4CAA-8156-BDD76473FC41}.Debug|Any CPU.ActiveCfg = Debug|Any CPU
		{C0681E36-FA0E-4CAA-8156-BDD76473FC41}.Debug|Any CPU.Build.0 = Debug|Any CPU
		{C0681E36-FA0E-4CAA-8156-BDD76473FC41}.Debug|Any CPU.Deploy.0 = Debug|Any CPU
		{C0681E36-FA0E-4CAA-8156-BDD76473FC41}.Debug|ARM.ActiveCfg = Debug|Any CPU
		{C0681E36-FA0E-4CAA-8156-BDD76473FC41}.Debug|ARM.Build.0 = Debug|Any CPU
		{C0681E36-FA0E-4CAA-8156-BDD76473FC41}.Debug|ARM.Deploy.0 = Debug|Any CPU
		{C0681E36-FA0E-4CAA-8156-BDD76473FC41}.Debug|iPhone.ActiveCfg = Debug|Any CPU
		{C0681E36-FA0E-4CAA-8156-BDD76473FC41}.Debug|iPhone.Build.0 = Debug|Any CPU
		{C0681E36-FA0E-4CAA-8156-BDD76473FC41}.Debug|iPhone.Deploy.0 = Debug|Any CPU
		{C0681E36-FA0E-4CAA-8156-BDD76473FC41}.Debug|iPhoneSimulator.ActiveCfg = Debug|Any CPU
		{C0681E36-FA0E-4CAA-8156-BDD76473FC41}.Debug|iPhoneSimulator.Build.0 = Debug|Any CPU
		{C0681E36-FA0E-4CAA-8156-BDD76473FC41}.Debug|iPhoneSimulator.Deploy.0 = Debug|Any CPU
		{C0681E36-FA0E-4CAA-8156-BDD76473FC41}.Debug|x64.ActiveCfg = Debug|Any CPU
		{C0681E36-FA0E-4CAA-8156-BDD76473FC41}.Debug|x64.Build.0 = Debug|Any CPU
		{C0681E36-FA0E-4CAA-8156-BDD76473FC41}.Debug|x64.Deploy.0 = Debug|Any CPU
		{C0681E36-FA0E-4CAA-8156-BDD76473FC41}.Debug|x86.ActiveCfg = Debug|Any CPU
		{C0681E36-FA0E-4CAA-8156-BDD76473FC41}.Debug|x86.Build.0 = Debug|Any CPU
		{C0681E36-FA0E-4CAA-8156-BDD76473FC41}.Debug|x86.Deploy.0 = Debug|Any CPU
		{C0681E36-FA0E-4CAA-8156-BDD76473FC41}.Release|Any CPU.ActiveCfg = Release|Any CPU
		{C0681E36-FA0E-4CAA-8156-BDD76473FC41}.Release|Any CPU.Build.0 = Release|Any CPU
		{C0681E36-FA0E-4CAA-8156-BDD76473FC41}.Release|Any CPU.Deploy.0 = Release|Any CPU
		{C0681E36-FA0E-4CAA-8156-BDD76473FC41}.Release|ARM.ActiveCfg = Release|Any CPU
		{C0681E36-FA0E-4CAA-8156-BDD76473FC41}.Release|ARM.Build.0 = Release|Any CPU
		{C0681E36-FA0E-4CAA-8156-BDD76473FC41}.Release|ARM.Deploy.0 = Release|Any CPU
		{C0681E36-FA0E-4CAA-8156-BDD76473FC41}.Release|iPhone.ActiveCfg = Release|Any CPU
		{C0681E36-FA0E-4CAA-8156-BDD76473FC41}.Release|iPhone.Build.0 = Release|Any CPU
		{C0681E36-FA0E-4CAA-8156-BDD76473FC41}.Release|iPhone.Deploy.0 = Release|Any CPU
		{C0681E36-FA0E-4CAA-8156-BDD76473FC41}.Release|iPhoneSimulator.ActiveCfg = Release|Any CPU
		{C0681E36-FA0E-4CAA-8156-BDD76473FC41}.Release|iPhoneSimulator.Build.0 = Release|Any CPU
		{C0681E36-FA0E-4CAA-8156-BDD76473FC41}.Release|iPhoneSimulator.Deploy.0 = Release|Any CPU
		{C0681E36-FA0E-4CAA-8156-BDD76473FC41}.Release|x64.ActiveCfg = Release|Any CPU
		{C0681E36-FA0E-4CAA-8156-BDD76473FC41}.Release|x64.Build.0 = Release|Any CPU
		{C0681E36-FA0E-4CAA-8156-BDD76473FC41}.Release|x64.Deploy.0 = Release|Any CPU
		{C0681E36-FA0E-4CAA-8156-BDD76473FC41}.Release|x86.ActiveCfg = Release|Any CPU
		{C0681E36-FA0E-4CAA-8156-BDD76473FC41}.Release|x86.Build.0 = Release|Any CPU
		{C0681E36-FA0E-4CAA-8156-BDD76473FC41}.Release|x86.Deploy.0 = Release|Any CPU
		{BE38BAF3-0461-443F-84AB-4C024E4AA673}.Ad-Hoc|Any CPU.ActiveCfg = Release|x64
		{BE38BAF3-0461-443F-84AB-4C024E4AA673}.Ad-Hoc|Any CPU.Build.0 = Release|x64
		{BE38BAF3-0461-443F-84AB-4C024E4AA673}.Ad-Hoc|Any CPU.Deploy.0 = Release|x64
		{BE38BAF3-0461-443F-84AB-4C024E4AA673}.Ad-Hoc|ARM.ActiveCfg = Release|ARM
		{BE38BAF3-0461-443F-84AB-4C024E4AA673}.Ad-Hoc|ARM.Build.0 = Release|ARM
		{BE38BAF3-0461-443F-84AB-4C024E4AA673}.Ad-Hoc|ARM.Deploy.0 = Release|ARM
		{BE38BAF3-0461-443F-84AB-4C024E4AA673}.Ad-Hoc|iPhone.ActiveCfg = Release|x64
		{BE38BAF3-0461-443F-84AB-4C024E4AA673}.Ad-Hoc|iPhone.Build.0 = Release|x64
		{BE38BAF3-0461-443F-84AB-4C024E4AA673}.Ad-Hoc|iPhone.Deploy.0 = Release|x64
		{BE38BAF3-0461-443F-84AB-4C024E4AA673}.Ad-Hoc|iPhoneSimulator.ActiveCfg = Release|x64
		{BE38BAF3-0461-443F-84AB-4C024E4AA673}.Ad-Hoc|iPhoneSimulator.Build.0 = Release|x64
		{BE38BAF3-0461-443F-84AB-4C024E4AA673}.Ad-Hoc|iPhoneSimulator.Deploy.0 = Release|x64
		{BE38BAF3-0461-443F-84AB-4C024E4AA673}.Ad-Hoc|x64.ActiveCfg = Release|x64
		{BE38BAF3-0461-443F-84AB-4C024E4AA673}.Ad-Hoc|x64.Build.0 = Release|x64
		{BE38BAF3-0461-443F-84AB-4C024E4AA673}.Ad-Hoc|x64.Deploy.0 = Release|x64
		{BE38BAF3-0461-443F-84AB-4C024E4AA673}.Ad-Hoc|x86.ActiveCfg = Release|x86
		{BE38BAF3-0461-443F-84AB-4C024E4AA673}.Ad-Hoc|x86.Build.0 = Release|x86
		{BE38BAF3-0461-443F-84AB-4C024E4AA673}.Ad-Hoc|x86.Deploy.0 = Release|x86
		{BE38BAF3-0461-443F-84AB-4C024E4AA673}.AppStore|Any CPU.ActiveCfg = Release|x64
		{BE38BAF3-0461-443F-84AB-4C024E4AA673}.AppStore|Any CPU.Build.0 = Release|x64
		{BE38BAF3-0461-443F-84AB-4C024E4AA673}.AppStore|Any CPU.Deploy.0 = Release|x64
		{BE38BAF3-0461-443F-84AB-4C024E4AA673}.AppStore|ARM.ActiveCfg = Release|ARM
		{BE38BAF3-0461-443F-84AB-4C024E4AA673}.AppStore|ARM.Build.0 = Release|ARM
		{BE38BAF3-0461-443F-84AB-4C024E4AA673}.AppStore|ARM.Deploy.0 = Release|ARM
		{BE38BAF3-0461-443F-84AB-4C024E4AA673}.AppStore|iPhone.ActiveCfg = Release|x64
		{BE38BAF3-0461-443F-84AB-4C024E4AA673}.AppStore|iPhone.Build.0 = Release|x64
		{BE38BAF3-0461-443F-84AB-4C024E4AA673}.AppStore|iPhone.Deploy.0 = Release|x64
		{BE38BAF3-0461-443F-84AB-4C024E4AA673}.AppStore|iPhoneSimulator.ActiveCfg = Release|x64
		{BE38BAF3-0461-443F-84AB-4C024E4AA673}.AppStore|iPhoneSimulator.Build.0 = Release|x64
		{BE38BAF3-0461-443F-84AB-4C024E4AA673}.AppStore|iPhoneSimulator.Deploy.0 = Release|x64
		{BE38BAF3-0461-443F-84AB-4C024E4AA673}.AppStore|x64.ActiveCfg = Release|x64
		{BE38BAF3-0461-443F-84AB-4C024E4AA673}.AppStore|x64.Build.0 = Release|x64
		{BE38BAF3-0461-443F-84AB-4C024E4AA673}.AppStore|x64.Deploy.0 = Release|x64
		{BE38BAF3-0461-443F-84AB-4C024E4AA673}.AppStore|x86.ActiveCfg = Release|x86
		{BE38BAF3-0461-443F-84AB-4C024E4AA673}.AppStore|x86.Build.0 = Release|x86
		{BE38BAF3-0461-443F-84AB-4C024E4AA673}.AppStore|x86.Deploy.0 = Release|x86
		{BE38BAF3-0461-443F-84AB-4C024E4AA673}.Debug|Any CPU.ActiveCfg = Debug|x86
		{BE38BAF3-0461-443F-84AB-4C024E4AA673}.Debug|Any CPU.Build.0 = Debug|x86
		{BE38BAF3-0461-443F-84AB-4C024E4AA673}.Debug|Any CPU.Deploy.0 = Debug|x86
		{BE38BAF3-0461-443F-84AB-4C024E4AA673}.Debug|ARM.ActiveCfg = Debug|ARM
		{BE38BAF3-0461-443F-84AB-4C024E4AA673}.Debug|ARM.Build.0 = Debug|ARM
		{BE38BAF3-0461-443F-84AB-4C024E4AA673}.Debug|ARM.Deploy.0 = Debug|ARM
		{BE38BAF3-0461-443F-84AB-4C024E4AA673}.Debug|iPhone.ActiveCfg = Debug|x86
		{BE38BAF3-0461-443F-84AB-4C024E4AA673}.Debug|iPhoneSimulator.ActiveCfg = Debug|x86
		{BE38BAF3-0461-443F-84AB-4C024E4AA673}.Debug|x64.ActiveCfg = Debug|x64
		{BE38BAF3-0461-443F-84AB-4C024E4AA673}.Debug|x64.Build.0 = Debug|x64
		{BE38BAF3-0461-443F-84AB-4C024E4AA673}.Debug|x64.Deploy.0 = Debug|x64
		{BE38BAF3-0461-443F-84AB-4C024E4AA673}.Debug|x86.ActiveCfg = Debug|x86
		{BE38BAF3-0461-443F-84AB-4C024E4AA673}.Debug|x86.Build.0 = Debug|x86
		{BE38BAF3-0461-443F-84AB-4C024E4AA673}.Debug|x86.Deploy.0 = Debug|x86
		{BE38BAF3-0461-443F-84AB-4C024E4AA673}.Release|Any CPU.ActiveCfg = Release|x86
		{BE38BAF3-0461-443F-84AB-4C024E4AA673}.Release|ARM.ActiveCfg = Release|ARM
		{BE38BAF3-0461-443F-84AB-4C024E4AA673}.Release|ARM.Build.0 = Release|ARM
		{BE38BAF3-0461-443F-84AB-4C024E4AA673}.Release|ARM.Deploy.0 = Release|ARM
		{BE38BAF3-0461-443F-84AB-4C024E4AA673}.Release|iPhone.ActiveCfg = Release|x86
		{BE38BAF3-0461-443F-84AB-4C024E4AA673}.Release|iPhoneSimulator.ActiveCfg = Release|x86
		{BE38BAF3-0461-443F-84AB-4C024E4AA673}.Release|x64.ActiveCfg = Release|x64
		{BE38BAF3-0461-443F-84AB-4C024E4AA673}.Release|x64.Build.0 = Release|x64
		{BE38BAF3-0461-443F-84AB-4C024E4AA673}.Release|x64.Deploy.0 = Release|x64
		{BE38BAF3-0461-443F-84AB-4C024E4AA673}.Release|x86.ActiveCfg = Release|x86
		{BE38BAF3-0461-443F-84AB-4C024E4AA673}.Release|x86.Build.0 = Release|x86
		{BE38BAF3-0461-443F-84AB-4C024E4AA673}.Release|x86.Deploy.0 = Release|x86
		{F39EE0E0-ED26-43CE-AFF8-A91F0895788F}.Ad-Hoc|Any CPU.ActiveCfg = Ad-Hoc|iPhone
		{F39EE0E0-ED26-43CE-AFF8-A91F0895788F}.Ad-Hoc|Any CPU.Build.0 = Ad-Hoc|iPhone
		{F39EE0E0-ED26-43CE-AFF8-A91F0895788F}.Ad-Hoc|ARM.ActiveCfg = Ad-Hoc|iPhone
		{F39EE0E0-ED26-43CE-AFF8-A91F0895788F}.Ad-Hoc|ARM.Build.0 = Ad-Hoc|iPhone
		{F39EE0E0-ED26-43CE-AFF8-A91F0895788F}.Ad-Hoc|iPhone.ActiveCfg = Ad-Hoc|iPhone
		{F39EE0E0-ED26-43CE-AFF8-A91F0895788F}.Ad-Hoc|iPhone.Build.0 = Ad-Hoc|iPhone
		{F39EE0E0-ED26-43CE-AFF8-A91F0895788F}.Ad-Hoc|iPhoneSimulator.ActiveCfg = Debug|iPhoneSimulator
		{F39EE0E0-ED26-43CE-AFF8-A91F0895788F}.Ad-Hoc|iPhoneSimulator.Build.0 = Debug|iPhoneSimulator
		{F39EE0E0-ED26-43CE-AFF8-A91F0895788F}.Ad-Hoc|x64.ActiveCfg = Ad-Hoc|iPhone
		{F39EE0E0-ED26-43CE-AFF8-A91F0895788F}.Ad-Hoc|x64.Build.0 = Ad-Hoc|iPhone
		{F39EE0E0-ED26-43CE-AFF8-A91F0895788F}.Ad-Hoc|x86.ActiveCfg = Ad-Hoc|iPhone
		{F39EE0E0-ED26-43CE-AFF8-A91F0895788F}.Ad-Hoc|x86.Build.0 = Ad-Hoc|iPhone
		{F39EE0E0-ED26-43CE-AFF8-A91F0895788F}.AppStore|Any CPU.ActiveCfg = AppStore|iPhone
		{F39EE0E0-ED26-43CE-AFF8-A91F0895788F}.AppStore|Any CPU.Build.0 = AppStore|iPhone
		{F39EE0E0-ED26-43CE-AFF8-A91F0895788F}.AppStore|ARM.ActiveCfg = AppStore|iPhone
		{F39EE0E0-ED26-43CE-AFF8-A91F0895788F}.AppStore|ARM.Build.0 = AppStore|iPhone
		{F39EE0E0-ED26-43CE-AFF8-A91F0895788F}.AppStore|iPhone.ActiveCfg = AppStore|iPhone
		{F39EE0E0-ED26-43CE-AFF8-A91F0895788F}.AppStore|iPhone.Build.0 = AppStore|iPhone
		{F39EE0E0-ED26-43CE-AFF8-A91F0895788F}.AppStore|iPhoneSimulator.ActiveCfg = Debug|iPhoneSimulator
		{F39EE0E0-ED26-43CE-AFF8-A91F0895788F}.AppStore|iPhoneSimulator.Build.0 = Debug|iPhoneSimulator
		{F39EE0E0-ED26-43CE-AFF8-A91F0895788F}.AppStore|x64.ActiveCfg = AppStore|iPhone
		{F39EE0E0-ED26-43CE-AFF8-A91F0895788F}.AppStore|x64.Build.0 = AppStore|iPhone
		{F39EE0E0-ED26-43CE-AFF8-A91F0895788F}.AppStore|x86.ActiveCfg = AppStore|iPhone
		{F39EE0E0-ED26-43CE-AFF8-A91F0895788F}.AppStore|x86.Build.0 = AppStore|iPhone
		{F39EE0E0-ED26-43CE-AFF8-A91F0895788F}.Debug|Any CPU.ActiveCfg = Debug|iPhoneSimulator
		{F39EE0E0-ED26-43CE-AFF8-A91F0895788F}.Debug|Any CPU.Build.0 = Debug|iPhoneSimulator
		{F39EE0E0-ED26-43CE-AFF8-A91F0895788F}.Debug|ARM.ActiveCfg = Debug|iPhoneSimulator
		{F39EE0E0-ED26-43CE-AFF8-A91F0895788F}.Debug|ARM.Build.0 = Debug|iPhoneSimulator
		{F39EE0E0-ED26-43CE-AFF8-A91F0895788F}.Debug|iPhone.ActiveCfg = Debug|iPhone
		{F39EE0E0-ED26-43CE-AFF8-A91F0895788F}.Debug|iPhone.Build.0 = Debug|iPhone
		{F39EE0E0-ED26-43CE-AFF8-A91F0895788F}.Debug|iPhoneSimulator.ActiveCfg = Debug|iPhoneSimulator
		{F39EE0E0-ED26-43CE-AFF8-A91F0895788F}.Debug|iPhoneSimulator.Build.0 = Debug|iPhoneSimulator
		{F39EE0E0-ED26-43CE-AFF8-A91F0895788F}.Debug|x64.ActiveCfg = Debug|iPhoneSimulator
		{F39EE0E0-ED26-43CE-AFF8-A91F0895788F}.Debug|x64.Build.0 = Debug|iPhoneSimulator
		{F39EE0E0-ED26-43CE-AFF8-A91F0895788F}.Debug|x86.ActiveCfg = Debug|iPhoneSimulator
		{F39EE0E0-ED26-43CE-AFF8-A91F0895788F}.Debug|x86.Build.0 = Debug|iPhoneSimulator
		{F39EE0E0-ED26-43CE-AFF8-A91F0895788F}.Release|Any CPU.ActiveCfg = Release|iPhoneSimulator
		{F39EE0E0-ED26-43CE-AFF8-A91F0895788F}.Release|Any CPU.Build.0 = Release|iPhoneSimulator
		{F39EE0E0-ED26-43CE-AFF8-A91F0895788F}.Release|ARM.ActiveCfg = Release|iPhoneSimulator
		{F39EE0E0-ED26-43CE-AFF8-A91F0895788F}.Release|ARM.Build.0 = Release|iPhoneSimulator
		{F39EE0E0-ED26-43CE-AFF8-A91F0895788F}.Release|iPhone.ActiveCfg = Release|iPhone
		{F39EE0E0-ED26-43CE-AFF8-A91F0895788F}.Release|iPhone.Build.0 = Release|iPhone
		{F39EE0E0-ED26-43CE-AFF8-A91F0895788F}.Release|iPhoneSimulator.ActiveCfg = Release|iPhoneSimulator
		{F39EE0E0-ED26-43CE-AFF8-A91F0895788F}.Release|iPhoneSimulator.Build.0 = Release|iPhoneSimulator
		{F39EE0E0-ED26-43CE-AFF8-A91F0895788F}.Release|x64.ActiveCfg = Release|iPhoneSimulator
		{F39EE0E0-ED26-43CE-AFF8-A91F0895788F}.Release|x64.Build.0 = Release|iPhoneSimulator
		{F39EE0E0-ED26-43CE-AFF8-A91F0895788F}.Release|x86.ActiveCfg = Release|iPhoneSimulator
		{F39EE0E0-ED26-43CE-AFF8-A91F0895788F}.Release|x86.Build.0 = Release|iPhoneSimulator
		{522B3834-F80A-45BD-8C37-9BD5AB870F93}.Ad-Hoc|Any CPU.ActiveCfg = Debug|Any CPU
		{522B3834-F80A-45BD-8C37-9BD5AB870F93}.Ad-Hoc|Any CPU.Build.0 = Debug|Any CPU
		{522B3834-F80A-45BD-8C37-9BD5AB870F93}.Ad-Hoc|ARM.ActiveCfg = Debug|Any CPU
		{522B3834-F80A-45BD-8C37-9BD5AB870F93}.Ad-Hoc|ARM.Build.0 = Debug|Any CPU
		{522B3834-F80A-45BD-8C37-9BD5AB870F93}.Ad-Hoc|iPhone.ActiveCfg = Debug|Any CPU
		{522B3834-F80A-45BD-8C37-9BD5AB870F93}.Ad-Hoc|iPhone.Build.0 = Debug|Any CPU
		{522B3834-F80A-45BD-8C37-9BD5AB870F93}.Ad-Hoc|iPhoneSimulator.ActiveCfg = Debug|Any CPU
		{522B3834-F80A-45BD-8C37-9BD5AB870F93}.Ad-Hoc|iPhoneSimulator.Build.0 = Debug|Any CPU
		{522B3834-F80A-45BD-8C37-9BD5AB870F93}.Ad-Hoc|x64.ActiveCfg = Debug|Any CPU
		{522B3834-F80A-45BD-8C37-9BD5AB870F93}.Ad-Hoc|x64.Build.0 = Debug|Any CPU
		{522B3834-F80A-45BD-8C37-9BD5AB870F93}.Ad-Hoc|x86.ActiveCfg = Debug|Any CPU
		{522B3834-F80A-45BD-8C37-9BD5AB870F93}.Ad-Hoc|x86.Build.0 = Debug|Any CPU
		{522B3834-F80A-45BD-8C37-9BD5AB870F93}.AppStore|Any CPU.ActiveCfg = Debug|Any CPU
		{522B3834-F80A-45BD-8C37-9BD5AB870F93}.AppStore|Any CPU.Build.0 = Debug|Any CPU
		{522B3834-F80A-45BD-8C37-9BD5AB870F93}.AppStore|ARM.ActiveCfg = Debug|Any CPU
		{522B3834-F80A-45BD-8C37-9BD5AB870F93}.AppStore|ARM.Build.0 = Debug|Any CPU
		{522B3834-F80A-45BD-8C37-9BD5AB870F93}.AppStore|iPhone.ActiveCfg = Debug|Any CPU
		{522B3834-F80A-45BD-8C37-9BD5AB870F93}.AppStore|iPhone.Build.0 = Debug|Any CPU
		{522B3834-F80A-45BD-8C37-9BD5AB870F93}.AppStore|iPhoneSimulator.ActiveCfg = Debug|Any CPU
		{522B3834-F80A-45BD-8C37-9BD5AB870F93}.AppStore|iPhoneSimulator.Build.0 = Debug|Any CPU
		{522B3834-F80A-45BD-8C37-9BD5AB870F93}.AppStore|x64.ActiveCfg = Debug|Any CPU
		{522B3834-F80A-45BD-8C37-9BD5AB870F93}.AppStore|x64.Build.0 = Debug|Any CPU
		{522B3834-F80A-45BD-8C37-9BD5AB870F93}.AppStore|x86.ActiveCfg = Debug|Any CPU
		{522B3834-F80A-45BD-8C37-9BD5AB870F93}.AppStore|x86.Build.0 = Debug|Any CPU
		{522B3834-F80A-45BD-8C37-9BD5AB870F93}.Debug|Any CPU.ActiveCfg = Debug|Any CPU
		{522B3834-F80A-45BD-8C37-9BD5AB870F93}.Debug|Any CPU.Build.0 = Debug|Any CPU
		{522B3834-F80A-45BD-8C37-9BD5AB870F93}.Debug|ARM.ActiveCfg = Debug|Any CPU
		{522B3834-F80A-45BD-8C37-9BD5AB870F93}.Debug|ARM.Build.0 = Debug|Any CPU
		{522B3834-F80A-45BD-8C37-9BD5AB870F93}.Debug|iPhone.ActiveCfg = Debug|Any CPU
		{522B3834-F80A-45BD-8C37-9BD5AB870F93}.Debug|iPhone.Build.0 = Debug|Any CPU
		{522B3834-F80A-45BD-8C37-9BD5AB870F93}.Debug|iPhoneSimulator.ActiveCfg = Debug|Any CPU
		{522B3834-F80A-45BD-8C37-9BD5AB870F93}.Debug|iPhoneSimulator.Build.0 = Debug|Any CPU
		{522B3834-F80A-45BD-8C37-9BD5AB870F93}.Debug|x64.ActiveCfg = Debug|Any CPU
		{522B3834-F80A-45BD-8C37-9BD5AB870F93}.Debug|x64.Build.0 = Debug|Any CPU
		{522B3834-F80A-45BD-8C37-9BD5AB870F93}.Debug|x86.ActiveCfg = Debug|Any CPU
		{522B3834-F80A-45BD-8C37-9BD5AB870F93}.Debug|x86.Build.0 = Debug|Any CPU
		{522B3834-F80A-45BD-8C37-9BD5AB870F93}.Release|Any CPU.ActiveCfg = Release|Any CPU
		{522B3834-F80A-45BD-8C37-9BD5AB870F93}.Release|Any CPU.Build.0 = Release|Any CPU
		{522B3834-F80A-45BD-8C37-9BD5AB870F93}.Release|ARM.ActiveCfg = Release|Any CPU
		{522B3834-F80A-45BD-8C37-9BD5AB870F93}.Release|ARM.Build.0 = Release|Any CPU
		{522B3834-F80A-45BD-8C37-9BD5AB870F93}.Release|iPhone.ActiveCfg = Release|Any CPU
		{522B3834-F80A-45BD-8C37-9BD5AB870F93}.Release|iPhone.Build.0 = Release|Any CPU
		{522B3834-F80A-45BD-8C37-9BD5AB870F93}.Release|iPhoneSimulator.ActiveCfg = Release|Any CPU
		{522B3834-F80A-45BD-8C37-9BD5AB870F93}.Release|iPhoneSimulator.Build.0 = Release|Any CPU
		{522B3834-F80A-45BD-8C37-9BD5AB870F93}.Release|x64.ActiveCfg = Release|Any CPU
		{522B3834-F80A-45BD-8C37-9BD5AB870F93}.Release|x64.Build.0 = Release|Any CPU
		{522B3834-F80A-45BD-8C37-9BD5AB870F93}.Release|x86.ActiveCfg = Release|Any CPU
		{522B3834-F80A-45BD-8C37-9BD5AB870F93}.Release|x86.Build.0 = Release|Any CPU
	EndGlobalSection
	GlobalSection(SolutionProperties) = preSolution
		HideSolutionNode = FALSE
	EndGlobalSection
	GlobalSection(NestedProjects) = preSolution
		{522B3834-F80A-45BD-8C37-9BD5AB870F93} = {2B58E7BC-72DA-4AD1-AE70-38BBEBD1E7D2}
	EndGlobalSection
	GlobalSection(ExtensibilityGlobals) = postSolution
		SolutionGuid = {5B232B53-72DC-4203-897F-60EE721687EA}
	EndGlobalSection
	GlobalSection(MonoDevelopProperties) = preSolution
		Policies = $0
		$0.DotNetNamingPolicy = $1
		$1.DirectoryNamespaceAssociation = PrefixedHierarchical
		$0.StandardHeader = $2
		$0.VersionControlPolicy = $3
		$0.TextStylePolicy = $4
		$4.inheritsSet = null
		$4.scope = text/x-csharp
		$0.CSharpFormattingPolicy = $5
		$5.scope = text/x-csharp
		$0.TextStylePolicy = $6
		$6.FileWidth = 80
		$6.TabsToSpaces = True
		$6.scope = text/plain
		$0.TextStylePolicy = $7
		$7.inheritsSet = null
		$7.scope = application/xml
		$0.XmlFormattingPolicy = $8
		$8.scope = application/xml
		$0.TextStylePolicy = $9
		$9.inheritsSet = null
		$9.scope = application/android+xml
		$0.XmlFormattingPolicy = $10
		$10.inheritsSet = null
		$10.scope = application/android+xml
		$0.TextStylePolicy = $11
		$11.inheritsSet = null
		$11.scope = application/xaml+xml
		$0.XmlFormattingPolicy = $12
		$12.inheritsSet = null
		$12.scope = application/xaml+xml
		$0.TextStylePolicy = $13
		$13.inheritsSet = null
		$13.scope = application/vnd.apple-interface-builder
		$0.XmlFormattingPolicy = $14
		$14.inheritsSet = null
		$14.scope = application/vnd.apple-interface-builder
	EndGlobalSection
EndGlobal
